<?xml version="1.0" encoding="utf-8"?>
<Project ToolsVersion="4.0" xmlns="http://schemas.microsoft.com/developer/msbuild/2003">
  <ItemGroup>
    <Filter Include="ソース ファイル">
      <UniqueIdentifier>{4FC737F1-C7A5-4376-A066-2A32D752A2FF}</UniqueIdentifier>
      <Extensions>cpp;c;cc;cxx;def;odl;idl;hpj;bat;asm;asmx</Extensions>
    </Filter>
    <Filter Include="ヘッダー ファイル">
      <UniqueIdentifier>{93995380-89BD-4b04-88EB-625FBE52EBFB}</UniqueIdentifier>
      <Extensions>h;hh;hpp;hxx;hm;inl;inc;ipp;xsd</Extensions>
    </Filter>
    <Filter Include="リソース ファイル">
      <UniqueIdentifier>{67DA6AB6-F800-4c08-8B7A-83BB121AAD01}</UniqueIdentifier>
      <Extensions>rc;ico;cur;bmp;dlg;rc2;rct;bin;rgs;gif;jpg;jpeg;jpe;resx;tiff;tif;png;wav;mfcribbon-ms</Extensions>
    </Filter>
    <Filter Include="ソース ファイル\EntisGLS3">
      <UniqueIdentifier>{7e022a36-34c8-47ca-8907-78e6b82aed53}</UniqueIdentifier>
    </Filter>
    <Filter Include="ソース ファイル\EntisGLS4">
      <UniqueIdentifier>{2a0dac62-ba37-4830-b09b-cb40731d8c1f}</UniqueIdentifier>
    </Filter>
    <Filter Include="ヘッダー ファイル\EntisGLS3">
      <UniqueIdentifier>{dc59d8d5-8ec5-4fa3-8cd0-8b04ee5c34bd}</UniqueIdentifier>
    </Filter>
    <Filter Include="ヘッダー ファイル\EntisGLS4">
      <UniqueIdentifier>{9e765489-dad7-4a52-90f6-239b33ca5d63}</UniqueIdentifier>
    </Filter>
    <Filter Include="ソース ファイル\EntisGLS3\EGL">
      <UniqueIdentifier>{7c7d34c1-b9b6-4dce-aa75-78478e2afd98}</UniqueIdentifier>
    </Filter>
    <Filter Include="ソース ファイル\EntisGLS3\erisalib">
      <UniqueIdentifier>{7ab9db87-e175-48f5-b974-9bf1b22d020b}</UniqueIdentifier>
    </Filter>
    <Filter Include="ソース ファイル\EntisGLS3\ESL">
      <UniqueIdentifier>{a32725ad-eb3e-4cd3-a82b-7d1176c79868}</UniqueIdentifier>
    </Filter>
    <Filter Include="ソース ファイル\EntisGLS3\GLS3">
      <UniqueIdentifier>{5b457075-14fa-4b21-a729-b869271f948a}</UniqueIdentifier>
    </Filter>
    <Filter Include="ソース ファイル\EntisGLS3\erisalib\asm">
      <UniqueIdentifier>{1198ce71-998a-4b54-a3e9-ca44d8ea7adf}</UniqueIdentifier>
    </Filter>
    <Filter Include="ソース ファイル\EntisGLS3\erisalib\cpp">
      <UniqueIdentifier>{2403e0e4-b886-4a86-8659-1bdfd334e50a}</UniqueIdentifier>
    </Filter>
    <Filter Include="ヘッダー ファイル\EntisGLS3\EGL">
      <UniqueIdentifier>{dbe43308-e9d5-4a8e-bbb9-ebcd42687739}</UniqueIdentifier>
    </Filter>
    <Filter Include="ヘッダー ファイル\EntisGLS3\erisalib">
      <UniqueIdentifier>{78bfc2ff-d476-4cc1-8a2e-5e506006e565}</UniqueIdentifier>
    </Filter>
    <Filter Include="ヘッダー ファイル\EntisGLS3\ESL">
      <UniqueIdentifier>{ac37ffc0-18f5-489b-8b5b-5a0b1cc1df0e}</UniqueIdentifier>
    </Filter>
    <Filter Include="ヘッダー ファイル\EntisGLS3\GLS3">
      <UniqueIdentifier>{5e0452af-a7d3-4131-a9da-488b8ea375d2}</UniqueIdentifier>
    </Filter>
    <Filter Include="ヘッダー ファイル\EntisGLS4\common">
      <UniqueIdentifier>{5acc29f9-a9cd-4456-9247-a48347407b88}</UniqueIdentifier>
    </Filter>
    <Filter Include="ヘッダー ファイル\EntisGLS4\win32">
      <UniqueIdentifier>{17e955e4-801b-4370-b28d-4cc84c5650a7}</UniqueIdentifier>
    </Filter>
    <Filter Include="ヘッダー ファイル\EntisGLS4\opengl">
      <UniqueIdentifier>{943f5173-d7d6-41a0-9d50-0185ab6c4a6c}</UniqueIdentifier>
    </Filter>
    <Filter Include="ヘッダー ファイル\EntisGLS4\entisgls">
      <UniqueIdentifier>{b36b94c6-68a1-4b18-bb1a-9e03daf6ba08}</UniqueIdentifier>
    </Filter>
    <Filter Include="ソース ファイル\EntisGLS4\common">
      <UniqueIdentifier>{c8304f67-7318-40e5-8729-6339b4d99f33}</UniqueIdentifier>
    </Filter>
    <Filter Include="ソース ファイル\EntisGLS4\entisgls">
      <UniqueIdentifier>{44e863d6-b48f-45f1-aad6-67002d381be7}</UniqueIdentifier>
    </Filter>
    <Filter Include="ソース ファイル\EntisGLS4\opengl">
      <UniqueIdentifier>{ca1d8228-c4f0-45fb-8c20-cba72aedbfcf}</UniqueIdentifier>
    </Filter>
    <Filter Include="ソース ファイル\EntisGLS4\win32">
      <UniqueIdentifier>{ded7e39f-2930-4e19-8139-dfd2f8749063}</UniqueIdentifier>
    </Filter>
  </ItemGroup>
  <ItemGroup>
    <ClCompile Include="gls4s.05.2015.04.18\EntisGLS3\EGL\Source\cloth_morph.cpp">
      <Filter>ソース ファイル\EntisGLS3\EGL</Filter>
    </ClCompile>
    <ClCompile Include="gls4s.05.2015.04.18\EntisGLS3\EGL\Source\egl2d.cpp">
      <Filter>ソース ファイル\EntisGLS3\EGL</Filter>
    </ClCompile>
    <ClCompile Include="gls4s.05.2015.04.18\EntisGLS3\EGL\Source\egl3d.cpp">
      <Filter>ソース ファイル\EntisGLS3\EGL</Filter>
    </ClCompile>
    <ClCompile Include="gls4s.05.2015.04.18\EntisGLS3\EGL\Source\egltext.cpp">
      <Filter>ソース ファイル\EntisGLS3\EGL</Filter>
    </ClCompile>
    <ClCompile Include="gls4s.05.2015.04.18\EntisGLS3\EGL\Source\psdfile.cpp">
      <Filter>ソース ファイル\EntisGLS3\EGL</Filter>
    </ClCompile>
    <ClCompile Include="gls4s.05.2015.04.18\EntisGLS3\EGL\Source\sprite.cpp">
      <Filter>ソース ファイル\EntisGLS3\EGL</Filter>
    </ClCompile>
    <ClCompile Include="gls4s.05.2015.04.18\EntisGLS3\erisalib\cpp\decimagec.cpp">
      <Filter>ソース ファイル\EntisGLS3\erisalib\cpp</Filter>
    </ClCompile>
    <ClCompile Include="gls4s.05.2015.04.18\EntisGLS3\erisalib\cpp\erisacontextc.cpp">
      <Filter>ソース ファイル\EntisGLS3\erisalib\cpp</Filter>
    </ClCompile>
    <ClCompile Include="gls4s.05.2015.04.18\EntisGLS3\erisalib\cpp\erisamatrixc.cpp">
      <Filter>ソース ファイル\EntisGLS3\erisalib\cpp</Filter>
    </ClCompile>
    <ClCompile Include="gls4s.05.2015.04.18\EntisGLS3\ESL\Source\eslarray.cpp">
      <Filter>ソース ファイル\EntisGLS3\ESL</Filter>
    </ClCompile>
    <ClCompile Include="gls4s.05.2015.04.18\EntisGLS3\ESL\Source\esldesc.cpp">
      <Filter>ソース ファイル\EntisGLS3\ESL</Filter>
    </ClCompile>
    <ClCompile Include="gls4s.05.2015.04.18\EntisGLS3\ESL\Source\eslfile.cpp">
      <Filter>ソース ファイル\EntisGLS3\ESL</Filter>
    </ClCompile>
    <ClCompile Include="gls4s.05.2015.04.18\EntisGLS3\ESL\Source\eslheap.cpp">
      <Filter>ソース ファイル\EntisGLS3\ESL</Filter>
    </ClCompile>
    <ClCompile Include="gls4s.05.2015.04.18\EntisGLS3\ESL\Source\eslnew.cpp">
      <Filter>ソース ファイル\EntisGLS3\ESL</Filter>
    </ClCompile>
    <ClCompile Include="gls4s.05.2015.04.18\EntisGLS3\ESL\Source\eslstring.cpp">
      <Filter>ソース ファイル\EntisGLS3\ESL</Filter>
    </ClCompile>
    <ClCompile Include="gls4s.05.2015.04.18\EntisGLS3\ESL\Source\eslthread.cpp">
      <Filter>ソース ファイル\EntisGLS3\ESL</Filter>
    </ClCompile>
    <ClCompile Include="gls4s.05.2015.04.18\EntisGLS3\GLS3\Source\ctscriptplugin.cpp">
      <Filter>ソース ファイル\EntisGLS3\GLS3</Filter>
    </ClCompile>
    <ClCompile Include="gls4s.05.2015.04.18\EntisGLS3\GLS3\Source\gamewnd_framework.cpp">
      <Filter>ソース ファイル\EntisGLS3\GLS3</Filter>
    </ClCompile>
    <ClCompile Include="gls4s.05.2015.04.18\EntisGLS3\GLS3\Source\glsbtnctrl.cpp">
      <Filter>ソース ファイル\EntisGLS3\GLS3</Filter>
    </ClCompile>
    <ClCompile Include="gls4s.05.2015.04.18\EntisGLS3\GLS3\Source\glscptsetup.cpp">
      <Filter>ソース ファイル\EntisGLS3\GLS3</Filter>
    </ClCompile>
    <ClCompile Include="gls4s.05.2015.04.18\EntisGLS3\GLS3\Source\glscsobj_array.cpp">
      <Filter>ソース ファイル\EntisGLS3\GLS3</Filter>
    </ClCompile>
    <ClCompile Include="gls4s.05.2015.04.18\EntisGLS3\GLS3\Source\glscsobj_buffer.cpp">
      <Filter>ソース ファイル\EntisGLS3\GLS3</Filter>
    </ClCompile>
    <ClCompile Include="gls4s.05.2015.04.18\EntisGLS3\GLS3\Source\glscsobj_buffer_structure.cpp">
      <Filter>ソース ファイル\EntisGLS3\GLS3</Filter>
    </ClCompile>
    <ClCompile Include="gls4s.05.2015.04.18\EntisGLS3\GLS3\Source\glscsobj_function.cpp">
      <Filter>ソース ファイル\EntisGLS3\GLS3</Filter>
    </ClCompile>
    <ClCompile Include="gls4s.05.2015.04.18\EntisGLS3\GLS3\Source\glscsobj_global.cpp">
      <Filter>ソース ファイル\EntisGLS3\GLS3</Filter>
    </ClCompile>
    <ClCompile Include="gls4s.05.2015.04.18\EntisGLS3\GLS3\Source\glscsobj_hash.cpp">
      <Filter>ソース ファイル\EntisGLS3\GLS3</Filter>
    </ClCompile>
    <ClCompile Include="gls4s.05.2015.04.18\EntisGLS3\GLS3\Source\glscsobj_integer.cpp">
      <Filter>ソース ファイル\EntisGLS3\GLS3</Filter>
    </ClCompile>
    <ClCompile Include="gls4s.05.2015.04.18\EntisGLS3\GLS3\Source\glscsobj_model_joint.cpp">
      <Filter>ソース ファイル\EntisGLS3\GLS3</Filter>
    </ClCompile>
    <ClCompile Include="gls4s.05.2015.04.18\EntisGLS3\GLS3\Source\glscsobj_object.cpp">
      <Filter>ソース ファイル\EntisGLS3\GLS3</Filter>
    </ClCompile>
    <ClCompile Include="gls4s.05.2015.04.18\EntisGLS3\GLS3\Source\glscsobj_pointer.cpp">
      <Filter>ソース ファイル\EntisGLS3\GLS3</Filter>
    </ClCompile>
    <ClCompile Include="gls4s.05.2015.04.18\EntisGLS3\GLS3\Source\glscsobj_polygon_model.cpp">
      <Filter>ソース ファイル\EntisGLS3\GLS3</Filter>
    </ClCompile>
    <ClCompile Include="gls4s.05.2015.04.18\EntisGLS3\GLS3\Source\glscsobj_real.cpp">
      <Filter>ソース ファイル\EntisGLS3\GLS3</Filter>
    </ClCompile>
    <ClCompile Include="gls4s.05.2015.04.18\EntisGLS3\GLS3\Source\glscsobj_reference.cpp">
      <Filter>ソース ファイル\EntisGLS3\GLS3</Filter>
    </ClCompile>
    <ClCompile Include="gls4s.05.2015.04.18\EntisGLS3\GLS3\Source\glscsobj_render_sprite.cpp">
      <Filter>ソース ファイル\EntisGLS3\GLS3</Filter>
    </ClCompile>
    <ClCompile Include="gls4s.05.2015.04.18\EntisGLS3\GLS3\Source\glscsobj_sprite.cpp">
      <Filter>ソース ファイル\EntisGLS3\GLS3</Filter>
    </ClCompile>
    <ClCompile Include="gls4s.05.2015.04.18\EntisGLS3\GLS3\Source\glscsobj_stack.cpp">
      <Filter>ソース ファイル\EntisGLS3\GLS3</Filter>
    </ClCompile>
    <ClCompile Include="gls4s.05.2015.04.18\EntisGLS3\GLS3\Source\glscsobj_string.cpp">
      <Filter>ソース ファイル\EntisGLS3\GLS3</Filter>
    </ClCompile>
    <ClCompile Include="gls4s.05.2015.04.18\EntisGLS3\GLS3\Source\glscsobj_structure.cpp">
      <Filter>ソース ファイル\EntisGLS3\GLS3</Filter>
    </ClCompile>
    <ClCompile Include="gls4s.05.2015.04.18\EntisGLS3\GLS3\Source\glscsobj_window.cpp">
      <Filter>ソース ファイル\EntisGLS3\GLS3</Filter>
    </ClCompile>
    <ClCompile Include="gls4s.05.2015.04.18\EntisGLS3\GLS3\Source\glscs_assembler.cpp">
      <Filter>ソース ファイル\EntisGLS3\GLS3</Filter>
    </ClCompile>
    <ClCompile Include="gls4s.05.2015.04.18\EntisGLS3\GLS3\Source\glscs_classinf.cpp">
      <Filter>ソース ファイル\EntisGLS3\GLS3</Filter>
    </ClCompile>
    <ClCompile Include="gls4s.05.2015.04.18\EntisGLS3\GLS3\Source\glscs_compiler.cpp">
      <Filter>ソース ファイル\EntisGLS3\GLS3</Filter>
    </ClCompile>
    <ClCompile Include="gls4s.05.2015.04.18\EntisGLS3\GLS3\Source\glscs_compiler_c_style.cpp">
      <Filter>ソース ファイル\EntisGLS3\GLS3</Filter>
    </ClCompile>
    <ClCompile Include="gls4s.05.2015.04.18\EntisGLS3\GLS3\Source\glscs_context.cpp">
      <Filter>ソース ファイル\EntisGLS3\GLS3</Filter>
    </ClCompile>
    <ClCompile Include="gls4s.05.2015.04.18\EntisGLS3\GLS3\Source\glscs_context_naked.cpp">
      <Filter>ソース ファイル\EntisGLS3\GLS3</Filter>
    </ClCompile>
    <ClCompile Include="gls4s.05.2015.04.18\EntisGLS3\GLS3\Source\glscs_environment.cpp">
      <Filter>ソース ファイル\EntisGLS3\GLS3</Filter>
    </ClCompile>
    <ClCompile Include="gls4s.05.2015.04.18\EntisGLS3\GLS3\Source\glscs_execution_image.cpp">
      <Filter>ソース ファイル\EntisGLS3\GLS3</Filter>
    </ClCompile>
    <ClCompile Include="gls4s.05.2015.04.18\EntisGLS3\GLS3\Source\glscs_execution_image_compiler.cpp">
      <Filter>ソース ファイル\EntisGLS3\GLS3</Filter>
    </ClCompile>
    <ClCompile Include="gls4s.05.2015.04.18\EntisGLS3\GLS3\Source\glscs_execution_image_linker.cpp">
      <Filter>ソース ファイル\EntisGLS3\GLS3</Filter>
    </ClCompile>
    <ClCompile Include="gls4s.05.2015.04.18\EntisGLS3\GLS3\Source\glscs_execution_optimizer.cpp">
      <Filter>ソース ファイル\EntisGLS3\GLS3</Filter>
    </ClCompile>
    <ClCompile Include="gls4s.05.2015.04.18\EntisGLS3\GLS3\Source\glscs_execution_reverse_assembler.cpp">
      <Filter>ソース ファイル\EntisGLS3\GLS3</Filter>
    </ClCompile>
    <ClCompile Include="gls4s.05.2015.04.18\EntisGLS3\GLS3\Source\glscs_inter_file.cpp">
      <Filter>ソース ファイル\EntisGLS3\GLS3</Filter>
    </ClCompile>
    <ClCompile Include="gls4s.05.2015.04.18\EntisGLS3\GLS3\Source\glscs_script_core.cpp">
      <Filter>ソース ファイル\EntisGLS3\GLS3</Filter>
    </ClCompile>
    <ClCompile Include="gls4s.05.2015.04.18\EntisGLS3\GLS3\Source\glsctpfile.cpp">
      <Filter>ソース ファイル\EntisGLS3\GLS3</Filter>
    </ClCompile>
    <ClCompile Include="gls4s.05.2015.04.18\EntisGLS3\GLS3\Source\glsctprender.cpp">
      <Filter>ソース ファイル\EntisGLS3\GLS3</Filter>
    </ClCompile>
    <ClCompile Include="gls4s.05.2015.04.18\EntisGLS3\GLS3\Source\glsctprsrc.cpp">
      <Filter>ソース ファイル\EntisGLS3\GLS3</Filter>
    </ClCompile>
    <ClCompile Include="gls4s.05.2015.04.18\EntisGLS3\GLS3\Source\glsctpsystem.cpp">
      <Filter>ソース ファイル\EntisGLS3\GLS3</Filter>
    </ClCompile>
    <ClCompile Include="gls4s.05.2015.04.18\EntisGLS3\GLS3\Source\glseditctrl.cpp">
      <Filter>ソース ファイル\EntisGLS3\GLS3</Filter>
    </ClCompile>
    <ClCompile Include="gls4s.05.2015.04.18\EntisGLS3\GLS3\Source\glslistctrl.cpp">
      <Filter>ソース ファイル\EntisGLS3\GLS3</Filter>
    </ClCompile>
    <ClCompile Include="gls4s.05.2015.04.18\EntisGLS3\GLS3\Source\glsmsgsprite.cpp">
      <Filter>ソース ファイル\EntisGLS3\GLS3</Filter>
    </ClCompile>
    <ClCompile Include="gls4s.05.2015.04.18\EntisGLS3\GLS3\Source\glsscriptobj.cpp">
      <Filter>ソース ファイル\EntisGLS3\GLS3</Filter>
    </ClCompile>
    <ClCompile Include="gls4s.05.2015.04.18\EntisGLS3\GLS3\Source\glsspcsprite.cpp">
      <Filter>ソース ファイル\EntisGLS3\GLS3</Filter>
    </ClCompile>
    <ClCompile Include="gls4s.05.2015.04.18\EntisGLS3\GLS3\Source\glssprite.cpp">
      <Filter>ソース ファイル\EntisGLS3\GLS3</Filter>
    </ClCompile>
    <ClCompile Include="gls4s.05.2015.04.18\EntisGLS3\GLS3\Source\glssupsprite.cpp">
      <Filter>ソース ファイル\EntisGLS3\GLS3</Filter>
    </ClCompile>
    <ClCompile Include="gls4s.05.2015.04.18\EntisGLS3\GLS3\Source\glssurfdesc.cpp">
      <Filter>ソース ファイル\EntisGLS3\GLS3</Filter>
    </ClCompile>
    <ClCompile Include="gls4s.05.2015.04.18\EntisGLS3\GLS3\Source\glssurfitem.cpp">
      <Filter>ソース ファイル\EntisGLS3\GLS3</Filter>
    </ClCompile>
    <ClCompile Include="gls4s.05.2015.04.18\EntisGLS3\GLS3\Source\midimusic.cpp">
      <Filter>ソース ファイル\EntisGLS3\GLS3</Filter>
    </ClCompile>
    <ClCompile Include="gls4s.05.2015.04.18\EntisGLS3\GLS3\Source\peimagefile.cpp">
      <Filter>ソース ファイル\EntisGLS3\GLS3</Filter>
    </ClCompile>
    <ClCompile Include="gls4s.05.2015.04.18\EntisGLS3\GLS3\Source\sockbase.cpp">
      <Filter>ソース ファイル\EntisGLS3\GLS3</Filter>
    </ClCompile>
    <ClCompile Include="gls4s.05.2015.04.18\EntisGLS3\GLS3\Source\stereoview_interface.cpp">
      <Filter>ソース ファイル\EntisGLS3\GLS3</Filter>
    </ClCompile>
    <ClCompile Include="gls4s.05.2015.04.18\EntisGLS3\GLS3\Source\wavsound.cpp">
      <Filter>ソース ファイル\EntisGLS3\GLS3</Filter>
    </ClCompile>
    <ClCompile Include="gls4s.05.2015.04.18\EntisGLS3\GLS3\Source\wndbase.cpp">
      <Filter>ソース ファイル\EntisGLS3\GLS3</Filter>
    </ClCompile>
    <ClCompile Include="gls4s.05.2015.04.18\EntisGLS4s.05\Source\common\esl\esl_charset.cpp">
      <Filter>ソース ファイル\EntisGLS4\common</Filter>
    </ClCompile>
    <ClCompile Include="gls4s.05.2015.04.18\EntisGLS4s.05\Source\common\esl\esl_object.cpp">
      <Filter>ソース ファイル\EntisGLS4\common</Filter>
    </ClCompile>
    <ClCompile Include="gls4s.05.2015.04.18\EntisGLS4s.05\Source\common\glscs\glscs_sakura2_array.cpp">
      <Filter>ソース ファイル\EntisGLS4\common</Filter>
    </ClCompile>
    <ClCompile Include="gls4s.05.2015.04.18\EntisGLS4s.05\Source\common\glscs\glscs_sakura2_assembler.cpp">
      <Filter>ソース ファイル\EntisGLS4\common</Filter>
    </ClCompile>
    <ClCompile Include="gls4s.05.2015.04.18\EntisGLS4s.05\Source\common\glscs\glscs_sakura2_buffer.cpp">
      <Filter>ソース ファイル\EntisGLS4\common</Filter>
    </ClCompile>
    <ClCompile Include="gls4s.05.2015.04.18\EntisGLS4s.05\Source\common\glscs\glscs_sakura2_env_vm.cpp">
      <Filter>ソース ファイル\EntisGLS4\common</Filter>
    </ClCompile>
    <ClCompile Include="gls4s.05.2015.04.18\EntisGLS4s.05\Source\common\glscs\glscs_sakura2_heap_buffer.cpp">
      <Filter>ソース ファイル\EntisGLS4\common</Filter>
    </ClCompile>
    <ClCompile Include="gls4s.05.2015.04.18\EntisGLS4s.05\Source\common\glscs\glscs_sakura2_jit_arm_compiler.cpp">
      <Filter>ソース ファイル\EntisGLS4\common</Filter>
    </ClCompile>
    <ClCompile Include="gls4s.05.2015.04.18\EntisGLS4s.05\Source\common\glscs\glscs_sakura2_jit_native_compiler.cpp">
      <Filter>ソース ファイル\EntisGLS4\common</Filter>
    </ClCompile>
    <ClCompile Include="gls4s.05.2015.04.18\EntisGLS4s.05\Source\common\glscs\glscs_sakura2_jit_sse2_compiler.cpp">
      <Filter>ソース ファイル\EntisGLS4\common</Filter>
    </ClCompile>
    <ClCompile Include="gls4s.05.2015.04.18\EntisGLS4s.05\Source\common\glscs\glscs_sakura2_jit_x86_compiler.cpp">
      <Filter>ソース ファイル\EntisGLS4\common</Filter>
    </ClCompile>
    <ClCompile Include="gls4s.05.2015.04.18\EntisGLS4s.05\Source\common\glscs\glscs_sakura2_module.cpp">
      <Filter>ソース ファイル\EntisGLS4\common</Filter>
    </ClCompile>
    <ClCompile Include="gls4s.05.2015.04.18\EntisGLS4s.05\Source\common\glscs\glscs_sakura2_obj_audio_decoder.cpp">
      <Filter>ソース ファイル\EntisGLS4\common</Filter>
    </ClCompile>
    <ClCompile Include="gls4s.05.2015.04.18\EntisGLS4s.05\Source\common\glscs\glscs_sakura2_obj_audio_player.cpp">
      <Filter>ソース ファイル\EntisGLS4\common</Filter>
    </ClCompile>
    <ClCompile Include="gls4s.05.2015.04.18\EntisGLS4s.05\Source\common\glscs\glscs_sakura2_obj_environment.cpp">
      <Filter>ソース ファイル\EntisGLS4\common</Filter>
    </ClCompile>
    <ClCompile Include="gls4s.05.2015.04.18\EntisGLS4s.05\Source\common\glscs\glscs_sakura2_obj_file.cpp">
      <Filter>ソース ファイル\EntisGLS4\common</Filter>
    </ClCompile>
    <ClCompile Include="gls4s.05.2015.04.18\EntisGLS4s.05\Source\common\glscs\glscs_sakura2_obj_font.cpp">
      <Filter>ソース ファイル\EntisGLS4\common</Filter>
    </ClCompile>
    <ClCompile Include="gls4s.05.2015.04.18\EntisGLS4s.05\Source\common\glscs\glscs_sakura2_obj_heap.cpp">
      <Filter>ソース ファイル\EntisGLS4\common</Filter>
    </ClCompile>
    <ClCompile Include="gls4s.05.2015.04.18\EntisGLS4s.05\Source\common\glscs\glscs_sakura2_obj_image.cpp">
      <Filter>ソース ファイル\EntisGLS4\common</Filter>
    </ClCompile>
    <ClCompile Include="gls4s.05.2015.04.18\EntisGLS4s.05\Source\common\glscs\glscs_sakura2_obj_joy_stick.cpp">
      <Filter>ソース ファイル\EntisGLS4\common</Filter>
    </ClCompile>
    <ClCompile Include="gls4s.05.2015.04.18\EntisGLS4s.05\Source\common\glscs\glscs_sakura2_obj_media_player.cpp">
      <Filter>ソース ファイル\EntisGLS4\common</Filter>
    </ClCompile>
    <ClCompile Include="gls4s.05.2015.04.18\EntisGLS4s.05\Source\common\glscs\glscs_sakura2_obj_module.cpp">
      <Filter>ソース ファイル\EntisGLS4\common</Filter>
    </ClCompile>
    <ClCompile Include="gls4s.05.2015.04.18\EntisGLS4s.05\Source\common\glscs\glscs_sakura2_obj_paint.cpp">
      <Filter>ソース ファイル\EntisGLS4\common</Filter>
    </ClCompile>
    <ClCompile Include="gls4s.05.2015.04.18\EntisGLS4s.05\Source\common\glscs\glscs_sakura2_obj_render.cpp">
      <Filter>ソース ファイル\EntisGLS4\common</Filter>
    </ClCompile>
    <ClCompile Include="gls4s.05.2015.04.18\EntisGLS4s.05\Source\common\glscs\glscs_sakura2_obj_socket.cpp">
      <Filter>ソース ファイル\EntisGLS4\common</Filter>
    </ClCompile>
    <ClCompile Include="gls4s.05.2015.04.18\EntisGLS4s.05\Source\common\glscs\glscs_sakura2_obj_sound.cpp">
      <Filter>ソース ファイル\EntisGLS4\common</Filter>
    </ClCompile>
    <ClCompile Include="gls4s.05.2015.04.18\EntisGLS4s.05\Source\common\glscs\glscs_sakura2_obj_std_ui.cpp">
      <Filter>ソース ファイル\EntisGLS4\common</Filter>
    </ClCompile>
    <ClCompile Include="gls4s.05.2015.04.18\EntisGLS4s.05\Source\common\glscs\glscs_sakura2_obj_synchronism.cpp">
      <Filter>ソース ファイル\EntisGLS4\common</Filter>
    </ClCompile>
    <ClCompile Include="gls4s.05.2015.04.18\EntisGLS4s.05\Source\common\glscs\glscs_sakura2_obj_thread.cpp">
      <Filter>ソース ファイル\EntisGLS4\common</Filter>
    </ClCompile>
    <ClCompile Include="gls4s.05.2015.04.18\EntisGLS4s.05\Source\common\glscs\glscs_sakura2_obj_vm.cpp">
      <Filter>ソース ファイル\EntisGLS4\common</Filter>
    </ClCompile>
    <ClCompile Include="gls4s.05.2015.04.18\EntisGLS4s.05\Source\common\glscs\glscs_sakura2_obj_volatile.cpp">
      <Filter>ソース ファイル\EntisGLS4\common</Filter>
    </ClCompile>
    <ClCompile Include="gls4s.05.2015.04.18\EntisGLS4s.05\Source\common\glscs\glscs_sakura2_obj_window.cpp">
      <Filter>ソース ファイル\EntisGLS4\common</Filter>
    </ClCompile>
    <ClCompile Include="gls4s.05.2015.04.18\EntisGLS4s.05\Source\common\glscs\glscs_sakura2_obj_window_menu.cpp">
      <Filter>ソース ファイル\EntisGLS4\common</Filter>
    </ClCompile>
    <ClCompile Include="gls4s.05.2015.04.18\EntisGLS4s.05\Source\common\glscs\glscs_sakura2_processor.cpp">
      <Filter>ソース ファイル\EntisGLS4\common</Filter>
    </ClCompile>
    <ClCompile Include="gls4s.05.2015.04.18\EntisGLS4s.05\Source\common\glscs\glscs_sakura2_processor_info.cpp">
      <Filter>ソース ファイル\EntisGLS4\common</Filter>
    </ClCompile>
    <ClCompile Include="gls4s.05.2015.04.18\EntisGLS4s.05\Source\common\glscs\glscs_sakura2_std_vm.cpp">
      <Filter>ソース ファイル\EntisGLS4\common</Filter>
    </ClCompile>
    <ClCompile Include="gls4s.05.2015.04.18\EntisGLS4s.05\Source\common\glscs\glscs_sakura2_vm.cpp">
      <Filter>ソース ファイル\EntisGLS4\common</Filter>
    </ClCompile>
    <ClCompile Include="gls4s.05.2015.04.18\EntisGLS4s.05\Source\common\rosetta\rosetta_array.cpp">
      <Filter>ソース ファイル\EntisGLS4\common</Filter>
    </ClCompile>
    <ClCompile Include="gls4s.05.2015.04.18\EntisGLS4s.05\Source\common\rosetta\rosetta_class.cpp">
      <Filter>ソース ファイル\EntisGLS4\common</Filter>
    </ClCompile>
    <ClCompile Include="gls4s.05.2015.04.18\EntisGLS4s.05\Source\common\rosetta\rosetta_context.cpp">
      <Filter>ソース ファイル\EntisGLS4\common</Filter>
    </ClCompile>
    <ClCompile Include="gls4s.05.2015.04.18\EntisGLS4s.05\Source\common\rosetta\rosetta_exception.cpp">
      <Filter>ソース ファイル\EntisGLS4\common</Filter>
    </ClCompile>
    <ClCompile Include="gls4s.05.2015.04.18\EntisGLS4s.05\Source\common\rosetta\rosetta_generic_object.cpp">
      <Filter>ソース ファイル\EntisGLS4\common</Filter>
    </ClCompile>
    <ClCompile Include="gls4s.05.2015.04.18\EntisGLS4s.05\Source\common\rosetta\rosetta_number.cpp">
      <Filter>ソース ファイル\EntisGLS4\common</Filter>
    </ClCompile>
    <ClCompile Include="gls4s.05.2015.04.18\EntisGLS4s.05\Source\common\rosetta\rosetta_object.cpp">
      <Filter>ソース ファイル\EntisGLS4\common</Filter>
    </ClCompile>
    <ClCompile Include="gls4s.05.2015.04.18\EntisGLS4s.05\Source\common\rosetta\rosetta_reference.cpp">
      <Filter>ソース ファイル\EntisGLS4\common</Filter>
    </ClCompile>
    <ClCompile Include="gls4s.05.2015.04.18\EntisGLS4s.05\Source\common\rosetta\rosetta_string.cpp">
      <Filter>ソース ファイル\EntisGLS4\common</Filter>
    </ClCompile>
    <ClCompile Include="gls4s.05.2015.04.18\EntisGLS4s.05\Source\common\rosetta\rosetta_virtual_machine.cpp">
      <Filter>ソース ファイル\EntisGLS4\common</Filter>
    </ClCompile>
    <ClCompile Include="gls4s.05.2015.04.18\EntisGLS4s.05\Source\common\sakura\ssys_buffered_file.cpp">
      <Filter>ソース ファイル\EntisGLS4\common</Filter>
    </ClCompile>
    <ClCompile Include="gls4s.05.2015.04.18\EntisGLS4s.05\Source\common\sakura\ssys_byte_buffer.cpp">
      <Filter>ソース ファイル\EntisGLS4\common</Filter>
    </ClCompile>
    <ClCompile Include="gls4s.05.2015.04.18\EntisGLS4s.05\Source\common\sakura\ssys_charset.cpp">
      <Filter>ソース ファイル\EntisGLS4\common</Filter>
    </ClCompile>
    <ClCompile Include="gls4s.05.2015.04.18\EntisGLS4s.05\Source\common\sakura\ssys_chunk_file.cpp">
      <Filter>ソース ファイル\EntisGLS4\common</Filter>
    </ClCompile>
    <ClCompile Include="gls4s.05.2015.04.18\EntisGLS4s.05\Source\common\sakura\ssys_date.cpp">
      <Filter>ソース ファイル\EntisGLS4\common</Filter>
    </ClCompile>
    <ClCompile Include="gls4s.05.2015.04.18\EntisGLS4s.05\Source\common\sakura\ssys_environment.cpp">
      <Filter>ソース ファイル\EntisGLS4\common</Filter>
    </ClCompile>
    <ClCompile Include="gls4s.05.2015.04.18\EntisGLS4s.05\Source\common\sakura\ssys_file.cpp">
      <Filter>ソース ファイル\EntisGLS4\common</Filter>
    </ClCompile>
    <ClCompile Include="gls4s.05.2015.04.18\EntisGLS4s.05\Source\common\sakura\ssys_fragment_file.cpp">
      <Filter>ソース ファイル\EntisGLS4\common</Filter>
    </ClCompile>
    <ClCompile Include="gls4s.05.2015.04.18\EntisGLS4s.05\Source\common\sakura\ssys_heap_memory.cpp">
      <Filter>ソース ファイル\EntisGLS4\common</Filter>
    </ClCompile>
    <ClCompile Include="gls4s.05.2015.04.18\EntisGLS4s.05\Source\common\sakura\ssys_http_file.cpp">
      <Filter>ソース ファイル\EntisGLS4\common</Filter>
    </ClCompile>
    <ClCompile Include="gls4s.05.2015.04.18\EntisGLS4s.05\Source\common\sakura\ssys_module.cpp">
      <Filter>ソース ファイル\EntisGLS4\common</Filter>
    </ClCompile>
    <ClCompile Include="gls4s.05.2015.04.18\EntisGLS4s.05\Source\common\sakura\ssys_object.cpp">
      <Filter>ソース ファイル\EntisGLS4\common</Filter>
    </ClCompile>
    <ClCompile Include="gls4s.05.2015.04.18\EntisGLS4s.05\Source\common\sakura\ssys_queue_buffer.cpp">
      <Filter>ソース ファイル\EntisGLS4\common</Filter>
    </ClCompile>
    <ClCompile Include="gls4s.05.2015.04.18\EntisGLS4s.05\Source\common\sakura\ssys_smart_buffer.cpp">
      <Filter>ソース ファイル\EntisGLS4\common</Filter>
    </ClCompile>
    <ClCompile Include="gls4s.05.2015.04.18\EntisGLS4s.05\Source\common\sakura\ssys_socket.cpp">
      <Filter>ソース ファイル\EntisGLS4\common</Filter>
    </ClCompile>
    <ClCompile Include="gls4s.05.2015.04.18\EntisGLS4s.05\Source\common\sakura\ssys_stack_buffer.cpp">
      <Filter>ソース ファイル\EntisGLS4\common</Filter>
    </ClCompile>
    <ClCompile Include="gls4s.05.2015.04.18\EntisGLS4s.05\Source\common\sakura\ssys_std_ui.cpp">
      <Filter>ソース ファイル\EntisGLS4\common</Filter>
    </ClCompile>
    <ClCompile Include="gls4s.05.2015.04.18\EntisGLS4s.05\Source\common\sakura\ssys_string.cpp">
      <Filter>ソース ファイル\EntisGLS4\common</Filter>
    </ClCompile>
    <ClCompile Include="gls4s.05.2015.04.18\EntisGLS4s.05\Source\common\sakura\ssys_string_parser.cpp">
      <Filter>ソース ファイル\EntisGLS4\common</Filter>
    </ClCompile>
    <ClCompile Include="gls4s.05.2015.04.18\EntisGLS4s.05\Source\common\sakura\ssys_synchronism.cpp">
      <Filter>ソース ファイル\EntisGLS4\common</Filter>
    </ClCompile>
    <ClCompile Include="gls4s.05.2015.04.18\EntisGLS4s.05\Source\common\sakura\ssys_thread.cpp">
      <Filter>ソース ファイル\EntisGLS4\common</Filter>
    </ClCompile>
    <ClCompile Include="gls4s.05.2015.04.18\EntisGLS4s.05\Source\common\sakura\ssys_xml_document.cpp">
      <Filter>ソース ファイル\EntisGLS4\common</Filter>
    </ClCompile>
    <ClCompile Include="gls4s.05.2015.04.18\EntisGLS4s.05\Source\common\sakuracl\erisa\scl_erisa_fast_dct.cpp">
      <Filter>ソース ファイル\EntisGLS4\common</Filter>
    </ClCompile>
    <ClCompile Include="gls4s.05.2015.04.18\EntisGLS4s.05\Source\common\sakuracl\erisa\scl_erisa_matrix.cpp">
      <Filter>ソース ファイル\EntisGLS4\common</Filter>
    </ClCompile>
    <ClCompile Include="gls4s.05.2015.04.18\EntisGLS4s.05\Source\common\sakuracl\erisa\sgl_erisa_crc32_context.cpp">
      <Filter>ソース ファイル\EntisGLS4\common</Filter>
    </ClCompile>
    <ClCompile Include="gls4s.05.2015.04.18\EntisGLS4s.05\Source\common\sakuracl\erisa\sgl_erisa_md5_context.cpp">
      <Filter>ソース ファイル\EntisGLS4\common</Filter>
    </ClCompile>
    <ClCompile Include="gls4s.05.2015.04.18\EntisGLS4s.05\Source\common\sakuragl\erisa\sgl_erisa_archive_file.cpp">
      <Filter>ソース ファイル\EntisGLS4\common</Filter>
    </ClCompile>
    <ClCompile Include="gls4s.05.2015.04.18\EntisGLS4s.05\Source\common\sakuragl\erisa\sgl_erisa_context_model.cpp">
      <Filter>ソース ファイル\EntisGLS4\common</Filter>
    </ClCompile>
    <ClCompile Include="gls4s.05.2015.04.18\EntisGLS4s.05\Source\common\sakuragl\erisa\sgl_erisa_crypt_context.cpp">
      <Filter>ソース ファイル\EntisGLS4\common</Filter>
    </ClCompile>
    <ClCompile Include="gls4s.05.2015.04.18\EntisGLS4s.05\Source\common\sakuragl\erisa\sgl_erisa_decode_context.cpp">
      <Filter>ソース ファイル\EntisGLS4\common</Filter>
    </ClCompile>
    <ClCompile Include="gls4s.05.2015.04.18\EntisGLS4s.05\Source\common\sakuragl\erisa\sgl_erisa_decode_image.cpp">
      <Filter>ソース ファイル\EntisGLS4\common</Filter>
    </ClCompile>
    <ClCompile Include="gls4s.05.2015.04.18\EntisGLS4s.05\Source\common\sakuragl\erisa\sgl_erisa_decode_sound.cpp">
      <Filter>ソース ファイル\EntisGLS4\common</Filter>
    </ClCompile>
    <ClCompile Include="gls4s.05.2015.04.18\EntisGLS4s.05\Source\common\sakuragl\erisa\sgl_erisa_encode_context.cpp">
      <Filter>ソース ファイル\EntisGLS4\common</Filter>
    </ClCompile>
    <ClCompile Include="gls4s.05.2015.04.18\EntisGLS4s.05\Source\common\sakuragl\erisa\sgl_erisa_media_file.cpp">
      <Filter>ソース ファイル\EntisGLS4\common</Filter>
    </ClCompile>
    <ClCompile Include="gls4s.05.2015.04.18\EntisGLS4s.05\Source\common\sakuragl\erisa\sgl_erisa_movie_file_player.cpp">
      <Filter>ソース ファイル\EntisGLS4\common</Filter>
    </ClCompile>
    <ClCompile Include="gls4s.05.2015.04.18\EntisGLS4s.05\Source\common\sakuragl\erisa\sgl_erisa_sound_file_player.cpp">
      <Filter>ソース ファイル\EntisGLS4\common</Filter>
    </ClCompile>
    <ClCompile Include="gls4s.05.2015.04.18\EntisGLS4s.05\Source\common\sakuragl\media\sgl_audio_decoder.cpp">
      <Filter>ソース ファイル\EntisGLS4\common</Filter>
    </ClCompile>
    <ClCompile Include="gls4s.05.2015.04.18\EntisGLS4s.05\Source\common\sakuragl\media\sgl_audio_decoding_player.cpp">
      <Filter>ソース ファイル\EntisGLS4\common</Filter>
    </ClCompile>
    <ClCompile Include="gls4s.05.2015.04.18\EntisGLS4s.05\Source\common\sakuragl\media\sgl_audio_player.cpp">
      <Filter>ソース ファイル\EntisGLS4\common</Filter>
    </ClCompile>
    <ClCompile Include="gls4s.05.2015.04.18\EntisGLS4s.05\Source\common\sakuragl\media\sgl_media_player.cpp">
      <Filter>ソース ファイル\EntisGLS4\common</Filter>
    </ClCompile>
    <ClCompile Include="gls4s.05.2015.04.18\EntisGLS4s.05\Source\common\sakuragl\media\sgl_mei_media_player.cpp">
      <Filter>ソース ファイル\EntisGLS4\common</Filter>
    </ClCompile>
    <ClCompile Include="gls4s.05.2015.04.18\EntisGLS4s.05\Source\common\sakuragl\media\sgl_mio_audio_decoder.cpp">
      <Filter>ソース ファイル\EntisGLS4\common</Filter>
    </ClCompile>
    <ClCompile Include="gls4s.05.2015.04.18\EntisGLS4s.05\Source\common\sakuragl\media\sgl_sound_player.cpp">
      <Filter>ソース ファイル\EntisGLS4\common</Filter>
    </ClCompile>
    <ClCompile Include="gls4s.05.2015.04.18\EntisGLS4s.05\Source\common\sakuragl\media\sgl_threading_audio_decoder.cpp">
      <Filter>ソース ファイル\EntisGLS4\common</Filter>
    </ClCompile>
    <ClCompile Include="gls4s.05.2015.04.18\EntisGLS4s.05\Source\common\sakuragl\media\sgl_wav_audio_decoder.cpp">
      <Filter>ソース ファイル\EntisGLS4\common</Filter>
    </ClCompile>
    <ClCompile Include="gls4s.05.2015.04.18\EntisGLS4s.05\Source\common\sakuragl\sakuragl.cpp">
      <Filter>ソース ファイル\EntisGLS4\common</Filter>
    </ClCompile>
    <ClCompile Include="gls4s.05.2015.04.18\EntisGLS4s.05\Source\common\sakuragl\sgl2d\sgl_bitmap_font.cpp">
      <Filter>ソース ファイル\EntisGLS4\common</Filter>
    </ClCompile>
    <ClCompile Include="gls4s.05.2015.04.18\EntisGLS4s.05\Source\common\sakuragl\sgl2d\sgl_bitmap_font_maker.cpp">
      <Filter>ソース ファイル\EntisGLS4\common</Filter>
    </ClCompile>
    <ClCompile Include="gls4s.05.2015.04.18\EntisGLS4s.05\Source\common\sakuragl\sgl2d\sgl_font.cpp">
      <Filter>ソース ファイル\EntisGLS4\common</Filter>
    </ClCompile>
    <ClCompile Include="gls4s.05.2015.04.18\EntisGLS4s.05\Source\common\sakuragl\sgl2d\sgl_image.cpp">
      <Filter>ソース ファイル\EntisGLS4\common</Filter>
    </ClCompile>
    <ClCompile Include="gls4s.05.2015.04.18\EntisGLS4s.05\Source\common\sakuragl\sgl2d\sgl_image_buffer.cpp">
      <Filter>ソース ファイル\EntisGLS4\common</Filter>
    </ClCompile>
    <ClCompile Include="gls4s.05.2015.04.18\EntisGLS4s.05\Source\common\sakuragl\sgl2d\sgl_image_buf_interface.cpp">
      <Filter>ソース ファイル\EntisGLS4\common</Filter>
    </ClCompile>
    <ClCompile Include="gls4s.05.2015.04.18\EntisGLS4s.05\Source\common\sakuragl\sgl2d\sgl_image_conversion.cpp">
      <Filter>ソース ファイル\EntisGLS4\common</Filter>
    </ClCompile>
    <ClCompile Include="gls4s.05.2015.04.18\EntisGLS4s.05\Source\common\sakuragl\sgl2d\sgl_image_decoder.cpp">
      <Filter>ソース ファイル\EntisGLS4\common</Filter>
    </ClCompile>
    <ClCompile Include="gls4s.05.2015.04.18\EntisGLS4s.05\Source\common\sakuragl\sgl2d\sgl_image_encoder.cpp">
      <Filter>ソース ファイル\EntisGLS4\common</Filter>
    </ClCompile>
    <ClCompile Include="gls4s.05.2015.04.18\EntisGLS4s.05\Source\common\sakuragl\sgl2d\sgl_image_filter.cpp">
      <Filter>ソース ファイル\EntisGLS4\common</Filter>
    </ClCompile>
    <ClCompile Include="gls4s.05.2015.04.18\EntisGLS4s.05\Source\common\sakuragl\sgl2d\sgl_lettering.cpp">
      <Filter>ソース ファイル\EntisGLS4\common</Filter>
    </ClCompile>
    <ClCompile Include="gls4s.05.2015.04.18\EntisGLS4s.05\Source\common\sakuragl\sgl2d\sgl_paint_buffer.cpp">
      <Filter>ソース ファイル\EntisGLS4\common</Filter>
    </ClCompile>
    <ClCompile Include="gls4s.05.2015.04.18\EntisGLS4s.05\Source\common\sakuragl\sgl2d\sgl_paint_context.cpp">
      <Filter>ソース ファイル\EntisGLS4\common</Filter>
    </ClCompile>
    <ClCompile Include="gls4s.05.2015.04.18\EntisGLS4s.05\Source\common\sakuragl\sgl2d\sgl_paint_region.cpp">
      <Filter>ソース ファイル\EntisGLS4\common</Filter>
    </ClCompile>
    <ClCompile Include="gls4s.05.2015.04.18\EntisGLS4s.05\Source\common\sakuragl\sgl3d\sgl_hybrid_renderer.cpp">
      <Filter>ソース ファイル\EntisGLS4\common</Filter>
    </ClCompile>
    <ClCompile Include="gls4s.05.2015.04.18\EntisGLS4s.05\Source\common\sakuragl\sgl3d\sgl_render_buffer.cpp">
      <Filter>ソース ファイル\EntisGLS4\common</Filter>
    </ClCompile>
    <ClCompile Include="gls4s.05.2015.04.18\EntisGLS4s.05\Source\common\sakuragl\sgl3d\sgl_render_buffered_context.cpp">
      <Filter>ソース ファイル\EntisGLS4\common</Filter>
    </ClCompile>
    <ClCompile Include="gls4s.05.2015.04.18\EntisGLS4s.05\Source\common\sakuragl\sgl3d\sgl_render_context.cpp">
      <Filter>ソース ファイル\EntisGLS4\common</Filter>
    </ClCompile>
    <ClCompile Include="gls4s.05.2015.04.18\EntisGLS4s.05\Source\common\sakuragl\sgl3d\sgl_render_parameter_context.cpp">
      <Filter>ソース ファイル\EntisGLS4\common</Filter>
    </ClCompile>
    <ClCompile Include="gls4s.05.2015.04.18\EntisGLS4s.05\Source\common\sakuragl\sgl3d\sgl_render_shaper.cpp">
      <Filter>ソース ファイル\EntisGLS4\common</Filter>
    </ClCompile>
    <ClCompile Include="gls4s.05.2015.04.18\EntisGLS4s.05\Source\common\sakuragl\sgl3d\sgl_render_software_shader.cpp">
      <Filter>ソース ファイル\EntisGLS4\common</Filter>
    </ClCompile>
    <ClCompile Include="gls4s.05.2015.04.18\EntisGLS4s.05\Source\common\sakuragl\sgl_window.cpp">
      <Filter>ソース ファイル\EntisGLS4\common</Filter>
    </ClCompile>
    <ClCompile Include="gls4s.05.2015.04.18\EntisGLS4s.05\Source\common\sakuragl\window\sgl_window_menu.cpp">
      <Filter>ソース ファイル\EntisGLS4\common</Filter>
    </ClCompile>
    <ClCompile Include="gls4s.05.2015.04.18\EntisGLS4s.05\Source\common\sakuragl\window\sgl_window_producer.cpp">
      <Filter>ソース ファイル\EntisGLS4\common</Filter>
    </ClCompile>
    <ClCompile Include="gls4s.05.2015.04.18\EntisGLS4s.05\Source\common\sakuraglx\extra\psdlib.cpp">
      <Filter>ソース ファイル\EntisGLS4\common</Filter>
    </ClCompile>
    <ClCompile Include="gls4s.05.2015.04.18\EntisGLS4s.05\Source\common\sakuraglx\render\sglx3d_collision.cpp">
      <Filter>ソース ファイル\EntisGLS4\common</Filter>
    </ClCompile>
    <ClCompile Include="gls4s.05.2015.04.18\EntisGLS4s.05\Source\common\sakuraglx\render\sglx3d_scene.cpp">
      <Filter>ソース ファイル\EntisGLS4\common</Filter>
    </ClCompile>
    <ClCompile Include="gls4s.05.2015.04.18\EntisGLS4s.05\Source\common\sakuraglx\render\sglx3d_scene_sprite.cpp">
      <Filter>ソース ファイル\EntisGLS4\common</Filter>
    </ClCompile>
    <ClCompile Include="gls4s.05.2015.04.18\EntisGLS4s.05\Source\common\sakuraglx\render\sglx_model_buffer.cpp">
      <Filter>ソース ファイル\EntisGLS4\common</Filter>
    </ClCompile>
    <ClCompile Include="gls4s.05.2015.04.18\EntisGLS4s.05\Source\common\sakuraglx\render\sglx_model_loader.cpp">
      <Filter>ソース ファイル\EntisGLS4\common</Filter>
    </ClCompile>
    <ClCompile Include="gls4s.05.2015.04.18\EntisGLS4s.05\Source\common\sakuraglx\sakuraglx.cpp">
      <Filter>ソース ファイル\EntisGLS4\common</Filter>
    </ClCompile>
    <ClCompile Include="gls4s.05.2015.04.18\EntisGLS4s.05\Source\common\sakuraglx\sglx_std_app.cpp">
      <Filter>ソース ファイル\EntisGLS4\common</Filter>
    </ClCompile>
    <ClCompile Include="gls4s.05.2015.04.18\EntisGLS4s.05\Source\common\sakuraglx\sprite\sglx_resource_manager.cpp">
      <Filter>ソース ファイル\EntisGLS4\common</Filter>
    </ClCompile>
    <ClCompile Include="gls4s.05.2015.04.18\EntisGLS4s.05\Source\common\sakuraglx\sprite\sglx_sprite.cpp">
      <Filter>ソース ファイル\EntisGLS4\common</Filter>
    </ClCompile>
    <ClCompile Include="gls4s.05.2015.04.18\EntisGLS4s.05\Source\common\sakuraglx\sprite\sglx_sprite_button.cpp">
      <Filter>ソース ファイル\EntisGLS4\common</Filter>
    </ClCompile>
    <ClCompile Include="gls4s.05.2015.04.18\EntisGLS4s.05\Source\common\sakuraglx\sprite\sglx_sprite_edit.cpp">
      <Filter>ソース ファイル\EntisGLS4\common</Filter>
    </ClCompile>
    <ClCompile Include="gls4s.05.2015.04.18\EntisGLS4s.05\Source\common\sakuraglx\sprite\sglx_sprite_filter.cpp">
      <Filter>ソース ファイル\EntisGLS4\common</Filter>
    </ClCompile>
    <ClCompile Include="gls4s.05.2015.04.18\EntisGLS4s.05\Source\common\sakuraglx\sprite\sglx_sprite_formed.cpp">
      <Filter>ソース ファイル\EntisGLS4\common</Filter>
    </ClCompile>
    <ClCompile Include="gls4s.05.2015.04.18\EntisGLS4s.05\Source\common\sakuraglx\sprite\sglx_sprite_frame.cpp">
      <Filter>ソース ファイル\EntisGLS4\common</Filter>
    </ClCompile>
    <ClCompile Include="gls4s.05.2015.04.18\EntisGLS4s.05\Source\common\sakuraglx\sprite\sglx_sprite_message.cpp">
      <Filter>ソース ファイル\EntisGLS4\common</Filter>
    </ClCompile>
    <ClCompile Include="gls4s.05.2015.04.18\EntisGLS4s.05\Source\common\sakuraglx\sprite\sglx_sprite_movie.cpp">
      <Filter>ソース ファイル\EntisGLS4\common</Filter>
    </ClCompile>
    <ClCompile Include="gls4s.05.2015.04.18\EntisGLS4s.05\Source\common\sakuraglx\sprite\sglx_sprite_progress_bar.cpp">
      <Filter>ソース ファイル\EntisGLS4\common</Filter>
    </ClCompile>
    <ClCompile Include="gls4s.05.2015.04.18\EntisGLS4s.05\Source\common\sakuraglx\sprite\sglx_sprite_rectangle.cpp">
      <Filter>ソース ファイル\EntisGLS4\common</Filter>
    </ClCompile>
    <ClCompile Include="gls4s.05.2015.04.18\EntisGLS4s.05\Source\common\sakuraglx\sprite\sglx_sprite_scroller.cpp">
      <Filter>ソース ファイル\EntisGLS4\common</Filter>
    </ClCompile>
    <ClCompile Include="gls4s.05.2015.04.18\EntisGLS4s.05\Source\common\sakuraglx\sprite\sglx_sprite_scroll_bar.cpp">
      <Filter>ソース ファイル\EntisGLS4\common</Filter>
    </ClCompile>
    <ClCompile Include="gls4s.05.2015.04.18\EntisGLS4s.05\Source\common\sakuraglx\sprite\sglx_sprite_text.cpp">
      <Filter>ソース ファイル\EntisGLS4\common</Filter>
    </ClCompile>
    <ClCompile Include="gls4s.05.2015.04.18\EntisGLS4s.05\Source\common\sakuraglx\sprite\sglx_sprite_window.cpp">
      <Filter>ソース ファイル\EntisGLS4\common</Filter>
    </ClCompile>
    <ClCompile Include="gls4s.05.2015.04.18\EntisGLS4s.05\Source\common\sakuraglx\sprite\sglx_virtual_input.cpp">
      <Filter>ソース ファイル\EntisGLS4\common</Filter>
    </ClCompile>
    <ClCompile Include="gls4s.05.2015.04.18\EntisGLS4s.05\Source\common\sakuraglx\ui\sglx_joy_stick.cpp">
      <Filter>ソース ファイル\EntisGLS4\common</Filter>
    </ClCompile>
    <ClCompile Include="gls4s.05.2015.04.18\EntisGLS4s.05\Source\common\sakuraglx\ui\sglx_platform_ui.cpp">
      <Filter>ソース ファイル\EntisGLS4\common</Filter>
    </ClCompile>
    <ClCompile Include="gls4s.05.2015.04.18\EntisGLS4s.05\Source\entisgls\sakuragl\sgl_gls3_window_producer.cpp">
      <Filter>ソース ファイル\EntisGLS4\entisgls</Filter>
    </ClCompile>
    <ClCompile Include="gls4s.05.2015.04.18\EntisGLS4s.05\Source\entisgls\sakuragl\sgl_window_implement.cpp">
      <Filter>ソース ファイル\EntisGLS4\entisgls</Filter>
    </ClCompile>
    <ClCompile Include="gls4s.05.2015.04.18\EntisGLS4s.05\Source\win32\sakura\ssys_stdapi.cpp">
      <Filter>ソース ファイル\EntisGLS4\win32</Filter>
    </ClCompile>
    <ClCompile Include="gls4s.05.2015.04.18\EntisGLS4s.05\Source\win32\sakura\ssys_win_internet_file.cpp">
      <Filter>ソース ファイル\EntisGLS4\win32</Filter>
    </ClCompile>
    <ClCompile Include="gls4s.05.2015.04.18\EntisGLS4s.05\Source\win32\sakura\ssys_win_resource_file.cpp">
      <Filter>ソース ファイル\EntisGLS4\win32</Filter>
    </ClCompile>
    <ClCompile Include="gls4s.05.2015.04.18\EntisGLS4s.05\Source\win32\sakuragl\sgl_directx_object.cpp">
      <Filter>ソース ファイル\EntisGLS4\win32</Filter>
    </ClCompile>
    <ClCompile Include="gls4s.05.2015.04.18\EntisGLS4s.05\Source\win32\sakuragl\sgl_direct_sound_player.cpp">
      <Filter>ソース ファイル\EntisGLS4\win32</Filter>
    </ClCompile>
    <ClCompile Include="gls4s.05.2015.04.18\EntisGLS4s.05\Source\win32\sakuragl\sgl_dshow_audio_player.cpp">
      <Filter>ソース ファイル\EntisGLS4\win32</Filter>
    </ClCompile>
    <ClCompile Include="gls4s.05.2015.04.18\EntisGLS4s.05\Source\win32\sakuragl\sgl_dshow_media_player.cpp">
      <Filter>ソース ファイル\EntisGLS4\win32</Filter>
    </ClCompile>
    <ClCompile Include="gls4s.05.2015.04.18\EntisGLS4s.05\Source\win32\sakuragl\sgl_gdiplus_image_decoder.cpp">
      <Filter>ソース ファイル\EntisGLS4\win32</Filter>
    </ClCompile>
    <ClCompile Include="gls4s.05.2015.04.18\EntisGLS4s.05\Source\win32\sakuragl\sgl_generic_window.cpp">
      <Filter>ソース ファイル\EntisGLS4\win32</Filter>
    </ClCompile>
    <ClCompile Include="gls4s.05.2015.04.18\EntisGLS4s.05\Source\win32\sakuragl\sgl_win_display_mode.cpp">
      <Filter>ソース ファイル\EntisGLS4\win32</Filter>
    </ClCompile>
    <ClCompile Include="gls4s.05.2015.04.18\EntisGLS4s.05\Source\opengl\sakuragl\sgl_opengl_context.cpp">
      <Filter>ソース ファイル\EntisGLS4\opengl</Filter>
    </ClCompile>
    <ClCompile Include="gls4s.05.2015.04.18\EntisGLS4s.05\Source\opengl\sakuragl\sgl_opengl_extension.cpp">
      <Filter>ソース ファイル\EntisGLS4\opengl</Filter>
    </ClCompile>
    <ClCompile Include="gls4s.05.2015.04.18\EntisGLS4s.05\Source\opengl\sakuragl\sgl_opengl_render_context.cpp">
      <Filter>ソース ファイル\EntisGLS4\opengl</Filter>
    </ClCompile>
    <ClCompile Include="gls4s.05.2015.04.18\EntisGLS4s.05\Source\opengl\sakuragl\sgl_opengl_window_producer.cpp">
      <Filter>ソース ファイル\EntisGLS4\opengl</Filter>
    </ClCompile>
    <ClCompile Include="MultiMon.cpp">
      <Filter>ソース ファイル</Filter>
    </ClCompile>
    <ClCompile Include="gls4s.05.2015.04.18\EntisGLS3\erisalib\Source\erianime.cpp">
      <Filter>ソース ファイル\EntisGLS3\erisalib</Filter>
    </ClCompile>
    <ClCompile Include="gls4s.05.2015.04.18\EntisGLS3\erisalib\Source\erisacontext.cpp">
      <Filter>ソース ファイル\EntisGLS3\erisalib</Filter>
    </ClCompile>
    <ClCompile Include="gls4s.05.2015.04.18\EntisGLS3\erisalib\Source\erisafile.cpp">
      <Filter>ソース ファイル\EntisGLS3\erisalib</Filter>
    </ClCompile>
    <ClCompile Include="gls4s.05.2015.04.18\EntisGLS3\erisalib\Source\erisamatrix.cpp">
      <Filter>ソース ファイル\EntisGLS3\erisalib</Filter>
    </ClCompile>
    <ClCompile Include="gls4s.05.2015.04.18\EntisGLS3\erisalib\Source\erisasound.cpp">
      <Filter>ソース ファイル\EntisGLS3\erisalib</Filter>
    </ClCompile>
    <ClCompile Include="gls4s.05.2015.04.18\EntisGLS3\erisalib\Source\meiwrite.cpp">
      <Filter>ソース ファイル\EntisGLS3\erisalib</Filter>
    </ClCompile>
    <ClCompile Include="gls4s.05.2015.04.18\EntisGLS3\erisalib\Source\mioplayer.cpp">
      <Filter>ソース ファイル\EntisGLS3\erisalib</Filter>
    </ClCompile>
    <ClCompile Include="gls4s.05.2015.04.18\EntisGLS3\erisalib\Source\decerisa.cpp">
      <Filter>ソース ファイル\EntisGLS3\erisalib</Filter>
    </ClCompile>
    <ClCompile Include="gls4s.05.2015.04.18\EntisGLS3\erisalib\Source\decimage.cpp">
      <Filter>ソース ファイル\EntisGLS3\erisalib</Filter>
    </ClCompile>
    <ClCompile Include="gls4s.05.2015.04.18\EntisGLS3\erisalib\Source\encerisa.cpp">
      <Filter>ソース ファイル\EntisGLS3\erisalib</Filter>
    </ClCompile>
    <ClCompile Include="gls4s.05.2015.04.18\EntisGLS3\erisalib\Source\encimage.cpp">
      <Filter>ソース ファイル\EntisGLS3\erisalib</Filter>
    </ClCompile>
    <ClCompile Include="gls4s.05.2015.04.18\EntisGLS3\EGL\common\egl3d_polygon_model.cpp">
      <Filter>ソース ファイル\EntisGLS3\EGL</Filter>
    </ClCompile>
    <ClCompile Include="gls4s.05.2015.04.18\EntisGLS3\EGL\common\egl3d_model_joint.cpp">
      <Filter>ソース ファイル\EntisGLS3\EGL</Filter>
    </ClCompile>
  </ItemGroup>
  <ItemGroup>
    <None Include="gls4s.05.2015.04.18\EntisGLS3\EGL\Include\egl.inc">
      <Filter>ヘッダー ファイル\EntisGLS3\EGL</Filter>
    </None>
    <None Include="gls4s.05.2015.04.18\EntisGLS3\erisalib\Include\erisamatrix.inc">
      <Filter>ヘッダー ファイル\EntisGLS3\erisalib</Filter>
    </None>
    <None Include="gls4s.05.2015.04.18\EntisGLS3\erisalib\Include\experi.inc">
      <Filter>ヘッダー ファイル\EntisGLS3\erisalib</Filter>
    </None>
    <None Include="gls4s.05.2015.04.18\EntisGLS3\ESL\Include\esl.inc">
      <Filter>ヘッダー ファイル\EntisGLS3\ESL</Filter>
    </None>
  </ItemGroup>
  <ItemGroup>
    <ClInclude Include="gls4s.05.2015.04.18\EntisGLS3\EGL\Include\cloth_morph.h">
      <Filter>ヘッダー ファイル\EntisGLS3\EGL</Filter>
    </ClInclude>
    <ClInclude Include="gls4s.05.2015.04.18\EntisGLS3\EGL\Include\egl.h">
      <Filter>ヘッダー ファイル\EntisGLS3\EGL</Filter>
    </ClInclude>
    <ClInclude Include="gls4s.05.2015.04.18\EntisGLS3\EGL\Include\egl2d.h">
      <Filter>ヘッダー ファイル\EntisGLS3\EGL</Filter>
    </ClInclude>
    <ClInclude Include="gls4s.05.2015.04.18\EntisGLS3\EGL\Include\egl3d.h">
      <Filter>ヘッダー ファイル\EntisGLS3\EGL</Filter>
    </ClInclude>
    <ClInclude Include="gls4s.05.2015.04.18\EntisGLS3\EGL\Include\egl3d_stereodisp.h">
      <Filter>ヘッダー ファイル\EntisGLS3\EGL</Filter>
    </ClInclude>
    <ClInclude Include="gls4s.05.2015.04.18\EntisGLS3\EGL\Include\eglsprite.h">
      <Filter>ヘッダー ファイル\EntisGLS3\EGL</Filter>
    </ClInclude>
    <ClInclude Include="gls4s.05.2015.04.18\EntisGLS3\EGL\Include\egltext.h">
      <Filter>ヘッダー ファイル\EntisGLS3\EGL</Filter>
    </ClInclude>
    <ClInclude Include="gls4s.05.2015.04.18\EntisGLS3\EGL\Include\psdfile.h">
      <Filter>ヘッダー ファイル\EntisGLS3\EGL</Filter>
    </ClInclude>
    <ClInclude Include="gls4s.05.2015.04.18\EntisGLS3\erisalib\Include\erisacontext.h">
      <Filter>ヘッダー ファイル\EntisGLS3\erisalib</Filter>
    </ClInclude>
    <ClInclude Include="gls4s.05.2015.04.18\EntisGLS3\erisalib\Include\erisafile.h">
      <Filter>ヘッダー ファイル\EntisGLS3\erisalib</Filter>
    </ClInclude>
    <ClInclude Include="gls4s.05.2015.04.18\EntisGLS3\erisalib\Include\erisaimage.h">
      <Filter>ヘッダー ファイル\EntisGLS3\erisalib</Filter>
    </ClInclude>
    <ClInclude Include="gls4s.05.2015.04.18\EntisGLS3\erisalib\Include\erisamatrix.h">
      <Filter>ヘッダー ファイル\EntisGLS3\erisalib</Filter>
    </ClInclude>
    <ClInclude Include="gls4s.05.2015.04.18\EntisGLS3\erisalib\Include\erisaplay.h">
      <Filter>ヘッダー ファイル\EntisGLS3\erisalib</Filter>
    </ClInclude>
    <ClInclude Include="gls4s.05.2015.04.18\EntisGLS3\erisalib\Include\erisasound.h">
      <Filter>ヘッダー ファイル\EntisGLS3\erisalib</Filter>
    </ClInclude>
    <ClInclude Include="gls4s.05.2015.04.18\EntisGLS3\erisalib\Include\eritypes.h">
      <Filter>ヘッダー ファイル\EntisGLS3\erisalib</Filter>
    </ClInclude>
    <ClInclude Include="gls4s.05.2015.04.18\EntisGLS3\erisalib\Include\linkxerisa.h">
      <Filter>ヘッダー ファイル\EntisGLS3\erisalib</Filter>
    </ClInclude>
    <ClInclude Include="gls4s.05.2015.04.18\EntisGLS3\erisalib\Include\xerisa.h">
      <Filter>ヘッダー ファイル\EntisGLS3\erisalib</Filter>
    </ClInclude>
    <ClInclude Include="gls4s.05.2015.04.18\EntisGLS3\ESL\Include\esl.h">
      <Filter>ヘッダー ファイル\EntisGLS3\ESL</Filter>
    </ClInclude>
    <ClInclude Include="gls4s.05.2015.04.18\EntisGLS3\ESL\Include\eslarray.h">
      <Filter>ヘッダー ファイル\EntisGLS3\ESL</Filter>
    </ClInclude>
    <ClInclude Include="gls4s.05.2015.04.18\EntisGLS3\ESL\Include\esldesc.h">
      <Filter>ヘッダー ファイル\EntisGLS3\ESL</Filter>
    </ClInclude>
    <ClInclude Include="gls4s.05.2015.04.18\EntisGLS3\ESL\Include\eslfile.h">
      <Filter>ヘッダー ファイル\EntisGLS3\ESL</Filter>
    </ClInclude>
    <ClInclude Include="gls4s.05.2015.04.18\EntisGLS3\ESL\Include\eslheap.h">
      <Filter>ヘッダー ファイル\EntisGLS3\ESL</Filter>
    </ClInclude>
    <ClInclude Include="gls4s.05.2015.04.18\EntisGLS3\ESL\Include\eslstring.h">
      <Filter>ヘッダー ファイル\EntisGLS3\ESL</Filter>
    </ClInclude>
    <ClInclude Include="gls4s.05.2015.04.18\EntisGLS3\ESL\Include\eslthread.h">
      <Filter>ヘッダー ファイル\EntisGLS3\ESL</Filter>
    </ClInclude>
    <ClInclude Include="gls4s.05.2015.04.18\EntisGLS3\GLS3\Include\ctscriptplugin.h">
      <Filter>ヘッダー ファイル\EntisGLS3\GLS3</Filter>
    </ClInclude>
    <ClInclude Include="gls4s.05.2015.04.18\EntisGLS3\GLS3\Include\gls.h">
      <Filter>ヘッダー ファイル\EntisGLS3\GLS3</Filter>
    </ClInclude>
    <ClInclude Include="gls4s.05.2015.04.18\EntisGLS3\GLS3\Include\glscsobj_array.h">
      <Filter>ヘッダー ファイル\EntisGLS3\GLS3</Filter>
    </ClInclude>
    <ClInclude Include="gls4s.05.2015.04.18\EntisGLS3\GLS3\Include\glscsobj_buffer.h">
      <Filter>ヘッダー ファイル\EntisGLS3\GLS3</Filter>
    </ClInclude>
    <ClInclude Include="gls4s.05.2015.04.18\EntisGLS3\GLS3\Include\glscsobj_buffer_structure.h">
      <Filter>ヘッダー ファイル\EntisGLS3\GLS3</Filter>
    </ClInclude>
    <ClInclude Include="gls4s.05.2015.04.18\EntisGLS3\GLS3\Include\glscsobj_function.h">
      <Filter>ヘッダー ファイル\EntisGLS3\GLS3</Filter>
    </ClInclude>
    <ClInclude Include="gls4s.05.2015.04.18\EntisGLS3\GLS3\Include\glscsobj_global.h">
      <Filter>ヘッダー ファイル\EntisGLS3\GLS3</Filter>
    </ClInclude>
    <ClInclude Include="gls4s.05.2015.04.18\EntisGLS3\GLS3\Include\glscsobj_hash.h">
      <Filter>ヘッダー ファイル\EntisGLS3\GLS3</Filter>
    </ClInclude>
    <ClInclude Include="gls4s.05.2015.04.18\EntisGLS3\GLS3\Include\glscsobj_integer.h">
      <Filter>ヘッダー ファイル\EntisGLS3\GLS3</Filter>
    </ClInclude>
    <ClInclude Include="gls4s.05.2015.04.18\EntisGLS3\GLS3\Include\glscsobj_model_joint.h">
      <Filter>ヘッダー ファイル\EntisGLS3\GLS3</Filter>
    </ClInclude>
    <ClInclude Include="gls4s.05.2015.04.18\EntisGLS3\GLS3\Include\glscsobj_object.h">
      <Filter>ヘッダー ファイル\EntisGLS3\GLS3</Filter>
    </ClInclude>
    <ClInclude Include="gls4s.05.2015.04.18\EntisGLS3\GLS3\Include\glscsobj_pointer.h">
      <Filter>ヘッダー ファイル\EntisGLS3\GLS3</Filter>
    </ClInclude>
    <ClInclude Include="gls4s.05.2015.04.18\EntisGLS3\GLS3\Include\glscsobj_polygon_model.h">
      <Filter>ヘッダー ファイル\EntisGLS3\GLS3</Filter>
    </ClInclude>
    <ClInclude Include="gls4s.05.2015.04.18\EntisGLS3\GLS3\Include\glscsobj_real.h">
      <Filter>ヘッダー ファイル\EntisGLS3\GLS3</Filter>
    </ClInclude>
    <ClInclude Include="gls4s.05.2015.04.18\EntisGLS3\GLS3\Include\glscsobj_reference.h">
      <Filter>ヘッダー ファイル\EntisGLS3\GLS3</Filter>
    </ClInclude>
    <ClInclude Include="gls4s.05.2015.04.18\EntisGLS3\GLS3\Include\glscsobj_render_sprite.h">
      <Filter>ヘッダー ファイル\EntisGLS3\GLS3</Filter>
    </ClInclude>
    <ClInclude Include="gls4s.05.2015.04.18\EntisGLS3\GLS3\Include\glscsobj_stack.h">
      <Filter>ヘッダー ファイル\EntisGLS3\GLS3</Filter>
    </ClInclude>
    <ClInclude Include="gls4s.05.2015.04.18\EntisGLS3\GLS3\Include\glscsobj_string.h">
      <Filter>ヘッダー ファイル\EntisGLS3\GLS3</Filter>
    </ClInclude>
    <ClInclude Include="gls4s.05.2015.04.18\EntisGLS3\GLS3\Include\glscsobj_structure.h">
      <Filter>ヘッダー ファイル\EntisGLS3\GLS3</Filter>
    </ClInclude>
    <ClInclude Include="gls4s.05.2015.04.18\EntisGLS3\GLS3\Include\glscsobj_window.h">
      <Filter>ヘッダー ファイル\EntisGLS3\GLS3</Filter>
    </ClInclude>
    <ClInclude Include="gls4s.05.2015.04.18\EntisGLS3\GLS3\Include\glscs_assembler.h">
      <Filter>ヘッダー ファイル\EntisGLS3\GLS3</Filter>
    </ClInclude>
    <ClInclude Include="gls4s.05.2015.04.18\EntisGLS3\GLS3\Include\glscs_classinf.h">
      <Filter>ヘッダー ファイル\EntisGLS3\GLS3</Filter>
    </ClInclude>
    <ClInclude Include="gls4s.05.2015.04.18\EntisGLS3\GLS3\Include\glscs_compiler.h">
      <Filter>ヘッダー ファイル\EntisGLS3\GLS3</Filter>
    </ClInclude>
    <ClInclude Include="gls4s.05.2015.04.18\EntisGLS3\GLS3\Include\glscs_compiler_c_style.h">
      <Filter>ヘッダー ファイル\EntisGLS3\GLS3</Filter>
    </ClInclude>
    <ClInclude Include="gls4s.05.2015.04.18\EntisGLS3\GLS3\Include\glscs_context.h">
      <Filter>ヘッダー ファイル\EntisGLS3\GLS3</Filter>
    </ClInclude>
    <ClInclude Include="gls4s.05.2015.04.18\EntisGLS3\GLS3\Include\glscs_environment.h">
      <Filter>ヘッダー ファイル\EntisGLS3\GLS3</Filter>
    </ClInclude>
    <ClInclude Include="gls4s.05.2015.04.18\EntisGLS3\GLS3\Include\glscs_execution_image.h">
      <Filter>ヘッダー ファイル\EntisGLS3\GLS3</Filter>
    </ClInclude>
    <ClInclude Include="gls4s.05.2015.04.18\EntisGLS3\GLS3\Include\glscs_execution_image_compiler.h">
      <Filter>ヘッダー ファイル\EntisGLS3\GLS3</Filter>
    </ClInclude>
    <ClInclude Include="gls4s.05.2015.04.18\EntisGLS3\GLS3\Include\glscs_execution_image_linker.h">
      <Filter>ヘッダー ファイル\EntisGLS3\GLS3</Filter>
    </ClInclude>
    <ClInclude Include="gls4s.05.2015.04.18\EntisGLS3\GLS3\Include\glscs_execution_optimizer.h">
      <Filter>ヘッダー ファイル\EntisGLS3\GLS3</Filter>
    </ClInclude>
    <ClInclude Include="gls4s.05.2015.04.18\EntisGLS3\GLS3\Include\glscs_execution_reverse_assembler.h">
      <Filter>ヘッダー ファイル\EntisGLS3\GLS3</Filter>
    </ClInclude>
    <ClInclude Include="gls4s.05.2015.04.18\EntisGLS3\GLS3\Include\glscs_inter_file.h">
      <Filter>ヘッダー ファイル\EntisGLS3\GLS3</Filter>
    </ClInclude>
    <ClInclude Include="gls4s.05.2015.04.18\EntisGLS3\GLS3\Include\glsctprender.h">
      <Filter>ヘッダー ファイル\EntisGLS3\GLS3</Filter>
    </ClInclude>
    <ClInclude Include="gls4s.05.2015.04.18\EntisGLS3\GLS3\Include\glsctpsetup.h">
      <Filter>ヘッダー ファイル\EntisGLS3\GLS3</Filter>
    </ClInclude>
    <ClInclude Include="gls4s.05.2015.04.18\EntisGLS3\GLS3\Include\glsctpsprite.h">
      <Filter>ヘッダー ファイル\EntisGLS3\GLS3</Filter>
    </ClInclude>
    <ClInclude Include="gls4s.05.2015.04.18\EntisGLS3\GLS3\Include\glsmidimusic.h">
      <Filter>ヘッダー ファイル\EntisGLS3\GLS3</Filter>
    </ClInclude>
    <ClInclude Include="gls4s.05.2015.04.18\EntisGLS3\GLS3\Include\glspeimagefile.h">
      <Filter>ヘッダー ファイル\EntisGLS3\GLS3</Filter>
    </ClInclude>
    <ClInclude Include="gls4s.05.2015.04.18\EntisGLS3\GLS3\Include\glsscript.h">
      <Filter>ヘッダー ファイル\EntisGLS3\GLS3</Filter>
    </ClInclude>
    <ClInclude Include="gls4s.05.2015.04.18\EntisGLS3\GLS3\Include\glsscriptobj.h">
      <Filter>ヘッダー ファイル\EntisGLS3\GLS3</Filter>
    </ClInclude>
    <ClInclude Include="gls4s.05.2015.04.18\EntisGLS3\GLS3\Include\glssockbase.h">
      <Filter>ヘッダー ファイル\EntisGLS3\GLS3</Filter>
    </ClInclude>
    <ClInclude Include="gls4s.05.2015.04.18\EntisGLS3\GLS3\Include\glssound.h">
      <Filter>ヘッダー ファイル\EntisGLS3\GLS3</Filter>
    </ClInclude>
    <ClInclude Include="gls4s.05.2015.04.18\EntisGLS3\GLS3\Include\glssurfdesc.h">
      <Filter>ヘッダー ファイル\EntisGLS3\GLS3</Filter>
    </ClInclude>
    <ClInclude Include="gls4s.05.2015.04.18\EntisGLS3\GLS3\Include\glswndbase.h">
      <Filter>ヘッダー ファイル\EntisGLS3\GLS3</Filter>
    </ClInclude>
    <ClInclude Include="gls4s.05.2015.04.18\EntisGLS3\GLS3\Include\initgls.h">
      <Filter>ヘッダー ファイル\EntisGLS3\GLS3</Filter>
    </ClInclude>
    <ClInclude Include="gls4s.05.2015.04.18\EntisGLS3\GLS3\Include\linkgls.h">
      <Filter>ヘッダー ファイル\EntisGLS3\GLS3</Filter>
    </ClInclude>
    <ClInclude Include="gls4s.05.2015.04.18\EntisGLS3\GLS3\Include\stereoview_interface.h">
      <Filter>ヘッダー ファイル\EntisGLS3\GLS3</Filter>
    </ClInclude>
    <ClInclude Include="gls4s.05.2015.04.18\EntisGLS4s.05\Include\common\esl\esl_charset.h">
      <Filter>ヘッダー ファイル\EntisGLS4\common</Filter>
    </ClInclude>
    <ClInclude Include="gls4s.05.2015.04.18\EntisGLS4s.05\Include\common\esl\esl_java_object.h">
      <Filter>ヘッダー ファイル\EntisGLS4\common</Filter>
    </ClInclude>
    <ClInclude Include="gls4s.05.2015.04.18\EntisGLS4s.05\Include\common\esl\esl_object.h">
      <Filter>ヘッダー ファイル\EntisGLS4\common</Filter>
    </ClInclude>
    <ClInclude Include="gls4s.05.2015.04.18\EntisGLS4s.05\Include\common\esl\jis_to_unicode.h">
      <Filter>ヘッダー ファイル\EntisGLS4\common</Filter>
    </ClInclude>
    <ClInclude Include="gls4s.05.2015.04.18\EntisGLS4s.05\Include\common\esl\unicode_to_jis.h">
      <Filter>ヘッダー ファイル\EntisGLS4\common</Filter>
    </ClInclude>
    <ClInclude Include="gls4s.05.2015.04.18\EntisGLS4s.05\Include\common\glscs\glscs_sakura2_array.h">
      <Filter>ヘッダー ファイル\EntisGLS4\common</Filter>
    </ClInclude>
    <ClInclude Include="gls4s.05.2015.04.18\EntisGLS4s.05\Include\common\glscs\glscs_sakura2_assembler.h">
      <Filter>ヘッダー ファイル\EntisGLS4\common</Filter>
    </ClInclude>
    <ClInclude Include="gls4s.05.2015.04.18\EntisGLS4s.05\Include\common\glscs\glscs_sakura2_buffer.h">
      <Filter>ヘッダー ファイル\EntisGLS4\common</Filter>
    </ClInclude>
    <ClInclude Include="gls4s.05.2015.04.18\EntisGLS4s.05\Include\common\glscs\glscs_sakura2_env_vm.h">
      <Filter>ヘッダー ファイル\EntisGLS4\common</Filter>
    </ClInclude>
    <ClInclude Include="gls4s.05.2015.04.18\EntisGLS4s.05\Include\common\glscs\glscs_sakura2_heap_buffer.h">
      <Filter>ヘッダー ファイル\EntisGLS4\common</Filter>
    </ClInclude>
    <ClInclude Include="gls4s.05.2015.04.18\EntisGLS4s.05\Include\common\glscs\glscs_sakura2_jit_arm_compiler.h">
      <Filter>ヘッダー ファイル\EntisGLS4\common</Filter>
    </ClInclude>
    <ClInclude Include="gls4s.05.2015.04.18\EntisGLS4s.05\Include\common\glscs\glscs_sakura2_jit_native_compiler.h">
      <Filter>ヘッダー ファイル\EntisGLS4\common</Filter>
    </ClInclude>
    <ClInclude Include="gls4s.05.2015.04.18\EntisGLS4s.05\Include\common\glscs\glscs_sakura2_jit_sse2_compiler.h">
      <Filter>ヘッダー ファイル\EntisGLS4\common</Filter>
    </ClInclude>
    <ClInclude Include="gls4s.05.2015.04.18\EntisGLS4s.05\Include\common\glscs\glscs_sakura2_jit_x86_compiler.h">
      <Filter>ヘッダー ファイル\EntisGLS4\common</Filter>
    </ClInclude>
    <ClInclude Include="gls4s.05.2015.04.18\EntisGLS4s.05\Include\common\glscs\glscs_sakura2_module.h">
      <Filter>ヘッダー ファイル\EntisGLS4\common</Filter>
    </ClInclude>
    <ClInclude Include="gls4s.05.2015.04.18\EntisGLS4s.05\Include\common\glscs\glscs_sakura2_new_object.h">
      <Filter>ヘッダー ファイル\EntisGLS4\common</Filter>
    </ClInclude>
    <ClInclude Include="gls4s.05.2015.04.18\EntisGLS4s.05\Include\common\glscs\glscs_sakura2_obj_audio_decoder.h">
      <Filter>ヘッダー ファイル\EntisGLS4\common</Filter>
    </ClInclude>
    <ClInclude Include="gls4s.05.2015.04.18\EntisGLS4s.05\Include\common\glscs\glscs_sakura2_obj_audio_player.h">
      <Filter>ヘッダー ファイル\EntisGLS4\common</Filter>
    </ClInclude>
    <ClInclude Include="gls4s.05.2015.04.18\EntisGLS4s.05\Include\common\glscs\glscs_sakura2_obj_environment.h">
      <Filter>ヘッダー ファイル\EntisGLS4\common</Filter>
    </ClInclude>
    <ClInclude Include="gls4s.05.2015.04.18\EntisGLS4s.05\Include\common\glscs\glscs_sakura2_obj_file.h">
      <Filter>ヘッダー ファイル\EntisGLS4\common</Filter>
    </ClInclude>
    <ClInclude Include="gls4s.05.2015.04.18\EntisGLS4s.05\Include\common\glscs\glscs_sakura2_obj_font.h">
      <Filter>ヘッダー ファイル\EntisGLS4\common</Filter>
    </ClInclude>
    <ClInclude Include="gls4s.05.2015.04.18\EntisGLS4s.05\Include\common\glscs\glscs_sakura2_obj_heap.h">
      <Filter>ヘッダー ファイル\EntisGLS4\common</Filter>
    </ClInclude>
    <ClInclude Include="gls4s.05.2015.04.18\EntisGLS4s.05\Include\common\glscs\glscs_sakura2_obj_image.h">
      <Filter>ヘッダー ファイル\EntisGLS4\common</Filter>
    </ClInclude>
    <ClInclude Include="gls4s.05.2015.04.18\EntisGLS4s.05\Include\common\glscs\glscs_sakura2_obj_joy_stick.h">
      <Filter>ヘッダー ファイル\EntisGLS4\common</Filter>
    </ClInclude>
    <ClInclude Include="gls4s.05.2015.04.18\EntisGLS4s.05\Include\common\glscs\glscs_sakura2_obj_media_player.h">
      <Filter>ヘッダー ファイル\EntisGLS4\common</Filter>
    </ClInclude>
    <ClInclude Include="gls4s.05.2015.04.18\EntisGLS4s.05\Include\common\glscs\glscs_sakura2_obj_module.h">
      <Filter>ヘッダー ファイル\EntisGLS4\common</Filter>
    </ClInclude>
    <ClInclude Include="gls4s.05.2015.04.18\EntisGLS4s.05\Include\common\glscs\glscs_sakura2_obj_paint.h">
      <Filter>ヘッダー ファイル\EntisGLS4\common</Filter>
    </ClInclude>
    <ClInclude Include="gls4s.05.2015.04.18\EntisGLS4s.05\Include\common\glscs\glscs_sakura2_obj_render.h">
      <Filter>ヘッダー ファイル\EntisGLS4\common</Filter>
    </ClInclude>
    <ClInclude Include="gls4s.05.2015.04.18\EntisGLS4s.05\Include\common\glscs\glscs_sakura2_obj_socket.h">
      <Filter>ヘッダー ファイル\EntisGLS4\common</Filter>
    </ClInclude>
    <ClInclude Include="gls4s.05.2015.04.18\EntisGLS4s.05\Include\common\glscs\glscs_sakura2_obj_sound.h">
      <Filter>ヘッダー ファイル\EntisGLS4\common</Filter>
    </ClInclude>
    <ClInclude Include="gls4s.05.2015.04.18\EntisGLS4s.05\Include\common\glscs\glscs_sakura2_obj_std_ui.h">
      <Filter>ヘッダー ファイル\EntisGLS4\common</Filter>
    </ClInclude>
    <ClInclude Include="gls4s.05.2015.04.18\EntisGLS4s.05\Include\common\glscs\glscs_sakura2_obj_synchronism.h">
      <Filter>ヘッダー ファイル\EntisGLS4\common</Filter>
    </ClInclude>
    <ClInclude Include="gls4s.05.2015.04.18\EntisGLS4s.05\Include\common\glscs\glscs_sakura2_obj_thread.h">
      <Filter>ヘッダー ファイル\EntisGLS4\common</Filter>
    </ClInclude>
    <ClInclude Include="gls4s.05.2015.04.18\EntisGLS4s.05\Include\common\glscs\glscs_sakura2_obj_vm.h">
      <Filter>ヘッダー ファイル\EntisGLS4\common</Filter>
    </ClInclude>
    <ClInclude Include="gls4s.05.2015.04.18\EntisGLS4s.05\Include\common\glscs\glscs_sakura2_obj_volatile.h">
      <Filter>ヘッダー ファイル\EntisGLS4\common</Filter>
    </ClInclude>
    <ClInclude Include="gls4s.05.2015.04.18\EntisGLS4s.05\Include\common\glscs\glscs_sakura2_obj_window.h">
      <Filter>ヘッダー ファイル\EntisGLS4\common</Filter>
    </ClInclude>
    <ClInclude Include="gls4s.05.2015.04.18\EntisGLS4s.05\Include\common\glscs\glscs_sakura2_obj_window_menu.h">
      <Filter>ヘッダー ファイル\EntisGLS4\common</Filter>
    </ClInclude>
    <ClInclude Include="gls4s.05.2015.04.18\EntisGLS4s.05\Include\common\glscs\glscs_sakura2_processor.h">
      <Filter>ヘッダー ファイル\EntisGLS4\common</Filter>
    </ClInclude>
    <ClInclude Include="gls4s.05.2015.04.18\EntisGLS4s.05\Include\common\glscs\glscs_sakura2_std_vm.h">
      <Filter>ヘッダー ファイル\EntisGLS4\common</Filter>
    </ClInclude>
    <ClInclude Include="gls4s.05.2015.04.18\EntisGLS4s.05\Include\common\glscs\glscs_sakura2_sys_call.h">
      <Filter>ヘッダー ファイル\EntisGLS4\common</Filter>
    </ClInclude>
    <ClInclude Include="gls4s.05.2015.04.18\EntisGLS4s.05\Include\common\glscs\glscs_sakura2_vm.h">
      <Filter>ヘッダー ファイル\EntisGLS4\common</Filter>
    </ClInclude>
    <ClInclude Include="gls4s.05.2015.04.18\EntisGLS4s.05\Include\common\rosetta\rosetta.h">
      <Filter>ヘッダー ファイル\EntisGLS4\common</Filter>
    </ClInclude>
    <ClInclude Include="gls4s.05.2015.04.18\EntisGLS4s.05\Include\common\rosetta\rosetta_array.h">
      <Filter>ヘッダー ファイル\EntisGLS4\common</Filter>
    </ClInclude>
    <ClInclude Include="gls4s.05.2015.04.18\EntisGLS4s.05\Include\common\rosetta\rosetta_class.h">
      <Filter>ヘッダー ファイル\EntisGLS4\common</Filter>
    </ClInclude>
    <ClInclude Include="gls4s.05.2015.04.18\EntisGLS4s.05\Include\common\rosetta\rosetta_context.h">
      <Filter>ヘッダー ファイル\EntisGLS4\common</Filter>
    </ClInclude>
    <ClInclude Include="gls4s.05.2015.04.18\EntisGLS4s.05\Include\common\rosetta\rosetta_exception.h">
      <Filter>ヘッダー ファイル\EntisGLS4\common</Filter>
    </ClInclude>
    <ClInclude Include="gls4s.05.2015.04.18\EntisGLS4s.05\Include\common\rosetta\rosetta_generic_object.h">
      <Filter>ヘッダー ファイル\EntisGLS4\common</Filter>
    </ClInclude>
    <ClInclude Include="gls4s.05.2015.04.18\EntisGLS4s.05\Include\common\rosetta\rosetta_number.h">
      <Filter>ヘッダー ファイル\EntisGLS4\common</Filter>
    </ClInclude>
    <ClInclude Include="gls4s.05.2015.04.18\EntisGLS4s.05\Include\common\rosetta\rosetta_object.h">
      <Filter>ヘッダー ファイル\EntisGLS4\common</Filter>
    </ClInclude>
    <ClInclude Include="gls4s.05.2015.04.18\EntisGLS4s.05\Include\common\rosetta\rosetta_reference.h">
      <Filter>ヘッダー ファイル\EntisGLS4\common</Filter>
    </ClInclude>
    <ClInclude Include="gls4s.05.2015.04.18\EntisGLS4s.05\Include\common\rosetta\rosetta_string.h">
      <Filter>ヘッダー ファイル\EntisGLS4\common</Filter>
    </ClInclude>
    <ClInclude Include="gls4s.05.2015.04.18\EntisGLS4s.05\Include\common\rosetta\rosetta_virtual_machine.h">
      <Filter>ヘッダー ファイル\EntisGLS4\common</Filter>
    </ClInclude>
    <ClInclude Include="gls4s.05.2015.04.18\EntisGLS4s.05\Include\common\sakura\sakura.h">
      <Filter>ヘッダー ファイル\EntisGLS4\common</Filter>
    </ClInclude>
    <ClInclude Include="gls4s.05.2015.04.18\EntisGLS4s.05\Include\common\sakura\sakura_cpp_presets.h">
      <Filter>ヘッダー ファイル\EntisGLS4\common</Filter>
    </ClInclude>
    <ClInclude Include="gls4s.05.2015.04.18\EntisGLS4s.05\Include\common\sakura\ssys_array.h">
      <Filter>ヘッダー ファイル\EntisGLS4\common</Filter>
    </ClInclude>
    <ClInclude Include="gls4s.05.2015.04.18\EntisGLS4s.05\Include\common\sakura\ssys_binary_tree.h">
      <Filter>ヘッダー ファイル\EntisGLS4\common</Filter>
    </ClInclude>
    <ClInclude Include="gls4s.05.2015.04.18\EntisGLS4s.05\Include\common\sakura\ssys_buffered_file.h">
      <Filter>ヘッダー ファイル\EntisGLS4\common</Filter>
    </ClInclude>
    <ClInclude Include="gls4s.05.2015.04.18\EntisGLS4s.05\Include\common\sakura\ssys_byte_buffer.h">
      <Filter>ヘッダー ファイル\EntisGLS4\common</Filter>
    </ClInclude>
    <ClInclude Include="gls4s.05.2015.04.18\EntisGLS4s.05\Include\common\sakura\ssys_charset.h">
      <Filter>ヘッダー ファイル\EntisGLS4\common</Filter>
    </ClInclude>
    <ClInclude Include="gls4s.05.2015.04.18\EntisGLS4s.05\Include\common\sakura\ssys_chunk_file.h">
      <Filter>ヘッダー ファイル\EntisGLS4\common</Filter>
    </ClInclude>
    <ClInclude Include="gls4s.05.2015.04.18\EntisGLS4s.05\Include\common\sakura\ssys_environment.h">
      <Filter>ヘッダー ファイル\EntisGLS4\common</Filter>
    </ClInclude>
    <ClInclude Include="gls4s.05.2015.04.18\EntisGLS4s.05\Include\common\sakura\ssys_file.h">
      <Filter>ヘッダー ファイル\EntisGLS4\common</Filter>
    </ClInclude>
    <ClInclude Include="gls4s.05.2015.04.18\EntisGLS4s.05\Include\common\sakura\ssys_fragment_file.h">
      <Filter>ヘッダー ファイル\EntisGLS4\common</Filter>
    </ClInclude>
    <ClInclude Include="gls4s.05.2015.04.18\EntisGLS4s.05\Include\common\sakura\ssys_heap_memory.h">
      <Filter>ヘッダー ファイル\EntisGLS4\common</Filter>
    </ClInclude>
    <ClInclude Include="gls4s.05.2015.04.18\EntisGLS4s.05\Include\common\sakura\ssys_http_file.h">
      <Filter>ヘッダー ファイル\EntisGLS4\common</Filter>
    </ClInclude>
    <ClInclude Include="gls4s.05.2015.04.18\EntisGLS4s.05\Include\common\sakura\ssys_indexed_array.h">
      <Filter>ヘッダー ファイル\EntisGLS4\common</Filter>
    </ClInclude>
    <ClInclude Include="gls4s.05.2015.04.18\EntisGLS4s.05\Include\common\sakura\ssys_linked_list.h">
      <Filter>ヘッダー ファイル\EntisGLS4\common</Filter>
    </ClInclude>
    <ClInclude Include="gls4s.05.2015.04.18\EntisGLS4s.05\Include\common\sakura\ssys_module.h">
      <Filter>ヘッダー ファイル\EntisGLS4\common</Filter>
    </ClInclude>
    <ClInclude Include="gls4s.05.2015.04.18\EntisGLS4s.05\Include\common\sakura\ssys_object.h">
      <Filter>ヘッダー ファイル\EntisGLS4\common</Filter>
    </ClInclude>
    <ClInclude Include="gls4s.05.2015.04.18\EntisGLS4s.05\Include\common\sakura\ssys_object_array.h">
      <Filter>ヘッダー ファイル\EntisGLS4\common</Filter>
    </ClInclude>
    <ClInclude Include="gls4s.05.2015.04.18\EntisGLS4s.05\Include\common\sakura\ssys_pointer_array.h">
      <Filter>ヘッダー ファイル\EntisGLS4\common</Filter>
    </ClInclude>
    <ClInclude Include="gls4s.05.2015.04.18\EntisGLS4s.05\Include\common\sakura\ssys_queue_buffer.h">
      <Filter>ヘッダー ファイル\EntisGLS4\common</Filter>
    </ClInclude>
    <ClInclude Include="gls4s.05.2015.04.18\EntisGLS4s.05\Include\common\sakura\ssys_reference_array.h">
      <Filter>ヘッダー ファイル\EntisGLS4\common</Filter>
    </ClInclude>
    <ClInclude Include="gls4s.05.2015.04.18\EntisGLS4s.05\Include\common\sakura\ssys_smart_buffer.h">
      <Filter>ヘッダー ファイル\EntisGLS4\common</Filter>
    </ClInclude>
    <ClInclude Include="gls4s.05.2015.04.18\EntisGLS4s.05\Include\common\sakura\ssys_smart_pointer.h">
      <Filter>ヘッダー ファイル\EntisGLS4\common</Filter>
    </ClInclude>
    <ClInclude Include="gls4s.05.2015.04.18\EntisGLS4s.05\Include\common\sakura\ssys_socket.h">
      <Filter>ヘッダー ファイル\EntisGLS4\common</Filter>
    </ClInclude>
    <ClInclude Include="gls4s.05.2015.04.18\EntisGLS4s.05\Include\common\sakura\ssys_sort_array.h">
      <Filter>ヘッダー ファイル\EntisGLS4\common</Filter>
    </ClInclude>
    <ClInclude Include="gls4s.05.2015.04.18\EntisGLS4s.05\Include\common\sakura\ssys_stack_buffer.h">
      <Filter>ヘッダー ファイル\EntisGLS4\common</Filter>
    </ClInclude>
    <ClInclude Include="gls4s.05.2015.04.18\EntisGLS4s.05\Include\common\sakura\ssys_stdapi.h">
      <Filter>ヘッダー ファイル\EntisGLS4\common</Filter>
    </ClInclude>
    <ClInclude Include="gls4s.05.2015.04.18\EntisGLS4s.05\Include\common\sakura\ssys_std_ui.h">
      <Filter>ヘッダー ファイル\EntisGLS4\common</Filter>
    </ClInclude>
    <ClInclude Include="gls4s.05.2015.04.18\EntisGLS4s.05\Include\common\sakura\ssys_string.h">
      <Filter>ヘッダー ファイル\EntisGLS4\common</Filter>
    </ClInclude>
    <ClInclude Include="gls4s.05.2015.04.18\EntisGLS4s.05\Include\common\sakura\ssys_string_parser.h">
      <Filter>ヘッダー ファイル\EntisGLS4\common</Filter>
    </ClInclude>
    <ClInclude Include="gls4s.05.2015.04.18\EntisGLS4s.05\Include\common\sakura\ssys_synchronism.h">
      <Filter>ヘッダー ファイル\EntisGLS4\common</Filter>
    </ClInclude>
    <ClInclude Include="gls4s.05.2015.04.18\EntisGLS4s.05\Include\common\sakura\ssys_thread.h">
      <Filter>ヘッダー ファイル\EntisGLS4\common</Filter>
    </ClInclude>
    <ClInclude Include="gls4s.05.2015.04.18\EntisGLS4s.05\Include\common\sakura\ssys_xml_document.h">
      <Filter>ヘッダー ファイル\EntisGLS4\common</Filter>
    </ClInclude>
    <ClInclude Include="gls4s.05.2015.04.18\EntisGLS4s.05\Include\common\sakuracl\erisa\scl_erisa_matrix.h">
      <Filter>ヘッダー ファイル\EntisGLS4\common</Filter>
    </ClInclude>
    <ClInclude Include="gls4s.05.2015.04.18\EntisGLS4s.05\Include\common\sakuracl\erisa\sgl_erisa_crc32_context.h">
      <Filter>ヘッダー ファイル\EntisGLS4\common</Filter>
    </ClInclude>
    <ClInclude Include="gls4s.05.2015.04.18\EntisGLS4s.05\Include\common\sakuracl\erisa\sgl_erisa_crypt_math.h">
      <Filter>ヘッダー ファイル\EntisGLS4\common</Filter>
    </ClInclude>
    <ClInclude Include="gls4s.05.2015.04.18\EntisGLS4s.05\Include\common\sakuracl\erisa\sgl_erisa_md5_context.h">
      <Filter>ヘッダー ファイル\EntisGLS4\common</Filter>
    </ClInclude>
    <ClInclude Include="gls4s.05.2015.04.18\EntisGLS4s.05\Include\common\sakuracl\scl_erisa_lib.h">
      <Filter>ヘッダー ファイル\EntisGLS4\common</Filter>
    </ClInclude>
    <ClInclude Include="gls4s.05.2015.04.18\EntisGLS4s.05\Include\common\sakuragl\erisa\sgl_erisa_archive_file.h">
      <Filter>ヘッダー ファイル\EntisGLS4\common</Filter>
    </ClInclude>
    <ClInclude Include="gls4s.05.2015.04.18\EntisGLS4s.05\Include\common\sakuragl\erisa\sgl_erisa_context_model.h">
      <Filter>ヘッダー ファイル\EntisGLS4\common</Filter>
    </ClInclude>
    <ClInclude Include="gls4s.05.2015.04.18\EntisGLS4s.05\Include\common\sakuragl\erisa\sgl_erisa_crypt_context.h">
      <Filter>ヘッダー ファイル\EntisGLS4\common</Filter>
    </ClInclude>
    <ClInclude Include="gls4s.05.2015.04.18\EntisGLS4s.05\Include\common\sakuragl\erisa\sgl_erisa_decode_context.h">
      <Filter>ヘッダー ファイル\EntisGLS4\common</Filter>
    </ClInclude>
    <ClInclude Include="gls4s.05.2015.04.18\EntisGLS4s.05\Include\common\sakuragl\erisa\sgl_erisa_decode_image.h">
      <Filter>ヘッダー ファイル\EntisGLS4\common</Filter>
    </ClInclude>
    <ClInclude Include="gls4s.05.2015.04.18\EntisGLS4s.05\Include\common\sakuragl\erisa\sgl_erisa_decode_sound.h">
      <Filter>ヘッダー ファイル\EntisGLS4\common</Filter>
    </ClInclude>
    <ClInclude Include="gls4s.05.2015.04.18\EntisGLS4s.05\Include\common\sakuragl\erisa\sgl_erisa_encode_context.h">
      <Filter>ヘッダー ファイル\EntisGLS4\common</Filter>
    </ClInclude>
    <ClInclude Include="gls4s.05.2015.04.18\EntisGLS4s.05\Include\common\sakuragl\erisa\sgl_erisa_media_file.h">
      <Filter>ヘッダー ファイル\EntisGLS4\common</Filter>
    </ClInclude>
    <ClInclude Include="gls4s.05.2015.04.18\EntisGLS4s.05\Include\common\sakuragl\erisa\sgl_erisa_movie_file_player.h">
      <Filter>ヘッダー ファイル\EntisGLS4\common</Filter>
    </ClInclude>
    <ClInclude Include="gls4s.05.2015.04.18\EntisGLS4s.05\Include\common\sakuragl\erisa\sgl_erisa_sound_file_player.h">
      <Filter>ヘッダー ファイル\EntisGLS4\common</Filter>
    </ClInclude>
    <ClInclude Include="gls4s.05.2015.04.18\EntisGLS4s.05\Include\common\sakuragl\media\sgl_audio_decoder.h">
      <Filter>ヘッダー ファイル\EntisGLS4\common</Filter>
    </ClInclude>
    <ClInclude Include="gls4s.05.2015.04.18\EntisGLS4s.05\Include\common\sakuragl\media\sgl_audio_decoding_player.h">
      <Filter>ヘッダー ファイル\EntisGLS4\common</Filter>
    </ClInclude>
    <ClInclude Include="gls4s.05.2015.04.18\EntisGLS4s.05\Include\common\sakuragl\media\sgl_audio_player.h">
      <Filter>ヘッダー ファイル\EntisGLS4\common</Filter>
    </ClInclude>
    <ClInclude Include="gls4s.05.2015.04.18\EntisGLS4s.05\Include\common\sakuragl\media\sgl_media_player.h">
      <Filter>ヘッダー ファイル\EntisGLS4\common</Filter>
    </ClInclude>
    <ClInclude Include="gls4s.05.2015.04.18\EntisGLS4s.05\Include\common\sakuragl\media\sgl_mei_media_player.h">
      <Filter>ヘッダー ファイル\EntisGLS4\common</Filter>
    </ClInclude>
    <ClInclude Include="gls4s.05.2015.04.18\EntisGLS4s.05\Include\common\sakuragl\media\sgl_mio_audio_decoder.h">
      <Filter>ヘッダー ファイル\EntisGLS4\common</Filter>
    </ClInclude>
    <ClInclude Include="gls4s.05.2015.04.18\EntisGLS4s.05\Include\common\sakuragl\media\sgl_sound_player.h">
      <Filter>ヘッダー ファイル\EntisGLS4\common</Filter>
    </ClInclude>
    <ClInclude Include="gls4s.05.2015.04.18\EntisGLS4s.05\Include\common\sakuragl\media\sgl_threading_audio_decoder.h">
      <Filter>ヘッダー ファイル\EntisGLS4\common</Filter>
    </ClInclude>
    <ClInclude Include="gls4s.05.2015.04.18\EntisGLS4s.05\Include\common\sakuragl\media\sgl_wav_audio_decoder.h">
      <Filter>ヘッダー ファイル\EntisGLS4\common</Filter>
    </ClInclude>
    <ClInclude Include="gls4s.05.2015.04.18\EntisGLS4s.05\Include\common\sakuragl\sakuragl.h">
      <Filter>ヘッダー ファイル\EntisGLS4\common</Filter>
    </ClInclude>
    <ClInclude Include="gls4s.05.2015.04.18\EntisGLS4s.05\Include\common\sakuragl\sgl2d\sgl2d_stddef.h">
      <Filter>ヘッダー ファイル\EntisGLS4\common</Filter>
    </ClInclude>
    <ClInclude Include="gls4s.05.2015.04.18\EntisGLS4s.05\Include\common\sakuragl\sgl2d\sgl_bitmap_font.h">
      <Filter>ヘッダー ファイル\EntisGLS4\common</Filter>
    </ClInclude>
    <ClInclude Include="gls4s.05.2015.04.18\EntisGLS4s.05\Include\common\sakuragl\sgl2d\sgl_bitmap_font_maker.h">
      <Filter>ヘッダー ファイル\EntisGLS4\common</Filter>
    </ClInclude>
    <ClInclude Include="gls4s.05.2015.04.18\EntisGLS4s.05\Include\common\sakuragl\sgl2d\sgl_font.h">
      <Filter>ヘッダー ファイル\EntisGLS4\common</Filter>
    </ClInclude>
    <ClInclude Include="gls4s.05.2015.04.18\EntisGLS4s.05\Include\common\sakuragl\sgl2d\sgl_image.h">
      <Filter>ヘッダー ファイル\EntisGLS4\common</Filter>
    </ClInclude>
    <ClInclude Include="gls4s.05.2015.04.18\EntisGLS4s.05\Include\common\sakuragl\sgl2d\sgl_image_buffer.h">
      <Filter>ヘッダー ファイル\EntisGLS4\common</Filter>
    </ClInclude>
    <ClInclude Include="gls4s.05.2015.04.18\EntisGLS4s.05\Include\common\sakuragl\sgl2d\sgl_image_buf_interface.h">
      <Filter>ヘッダー ファイル\EntisGLS4\common</Filter>
    </ClInclude>
    <ClInclude Include="gls4s.05.2015.04.18\EntisGLS4s.05\Include\common\sakuragl\sgl2d\sgl_image_buf_object.h">
      <Filter>ヘッダー ファイル\EntisGLS4\common</Filter>
    </ClInclude>
    <ClInclude Include="gls4s.05.2015.04.18\EntisGLS4s.05\Include\common\sakuragl\sgl2d\sgl_image_conversion.h">
      <Filter>ヘッダー ファイル\EntisGLS4\common</Filter>
    </ClInclude>
    <ClInclude Include="gls4s.05.2015.04.18\EntisGLS4s.05\Include\common\sakuragl\sgl2d\sgl_image_decoder.h">
      <Filter>ヘッダー ファイル\EntisGLS4\common</Filter>
    </ClInclude>
    <ClInclude Include="gls4s.05.2015.04.18\EntisGLS4s.05\Include\common\sakuragl\sgl2d\sgl_image_encoder.h">
      <Filter>ヘッダー ファイル\EntisGLS4\common</Filter>
    </ClInclude>
    <ClInclude Include="gls4s.05.2015.04.18\EntisGLS4s.05\Include\common\sakuragl\sgl2d\sgl_image_filter.h">
      <Filter>ヘッダー ファイル\EntisGLS4\common</Filter>
    </ClInclude>
    <ClInclude Include="gls4s.05.2015.04.18\EntisGLS4s.05\Include\common\sakuragl\sgl2d\sgl_lettering.h">
      <Filter>ヘッダー ファイル\EntisGLS4\common</Filter>
    </ClInclude>
    <ClInclude Include="gls4s.05.2015.04.18\EntisGLS4s.05\Include\common\sakuragl\sgl2d\sgl_paint_buffer.h">
      <Filter>ヘッダー ファイル\EntisGLS4\common</Filter>
    </ClInclude>
    <ClInclude Include="gls4s.05.2015.04.18\EntisGLS4s.05\Include\common\sakuragl\sgl2d\sgl_paint_context.h">
      <Filter>ヘッダー ファイル\EntisGLS4\common</Filter>
    </ClInclude>
    <ClInclude Include="gls4s.05.2015.04.18\EntisGLS4s.05\Include\common\sakuragl\sgl2d_image.h">
      <Filter>ヘッダー ファイル\EntisGLS4\common</Filter>
    </ClInclude>
    <ClInclude Include="gls4s.05.2015.04.18\EntisGLS4s.05\Include\common\sakuragl\sgl3d\sglh3d_stddef.h">
      <Filter>ヘッダー ファイル\EntisGLS4\common</Filter>
    </ClInclude>
    <ClInclude Include="gls4s.05.2015.04.18\EntisGLS4s.05\Include\common\sakuragl\sgl3d\sgl_hybrid_renderer.h">
      <Filter>ヘッダー ファイル\EntisGLS4\common</Filter>
    </ClInclude>
    <ClInclude Include="gls4s.05.2015.04.18\EntisGLS4s.05\Include\common\sakuragl\sgl3d\sgl_render_buffer.h">
      <Filter>ヘッダー ファイル\EntisGLS4\common</Filter>
    </ClInclude>
    <ClInclude Include="gls4s.05.2015.04.18\EntisGLS4s.05\Include\common\sakuragl\sgl3d\sgl_render_buffered_context.h">
      <Filter>ヘッダー ファイル\EntisGLS4\common</Filter>
    </ClInclude>
    <ClInclude Include="gls4s.05.2015.04.18\EntisGLS4s.05\Include\common\sakuragl\sgl3d\sgl_render_context.h">
      <Filter>ヘッダー ファイル\EntisGLS4\common</Filter>
    </ClInclude>
    <ClInclude Include="gls4s.05.2015.04.18\EntisGLS4s.05\Include\common\sakuragl\sgl3d\sgl_render_parameter_context.h">
      <Filter>ヘッダー ファイル\EntisGLS4\common</Filter>
    </ClInclude>
    <ClInclude Include="gls4s.05.2015.04.18\EntisGLS4s.05\Include\common\sakuragl\sgl3d\sgl_render_shaper.h">
      <Filter>ヘッダー ファイル\EntisGLS4\common</Filter>
    </ClInclude>
    <ClInclude Include="gls4s.05.2015.04.18\EntisGLS4s.05\Include\common\sakuragl\sgl3d\sgl_render_software_shader.h">
      <Filter>ヘッダー ファイル\EntisGLS4\common</Filter>
    </ClInclude>
    <ClInclude Include="gls4s.05.2015.04.18\EntisGLS4s.05\Include\common\sakuragl\sgl3d_image.h">
      <Filter>ヘッダー ファイル\EntisGLS4\common</Filter>
    </ClInclude>
    <ClInclude Include="gls4s.05.2015.04.18\EntisGLS4s.05\Include\common\sakuragl\sgl_erisa_lib.h">
      <Filter>ヘッダー ファイル\EntisGLS4\common</Filter>
    </ClInclude>
    <ClInclude Include="gls4s.05.2015.04.18\EntisGLS4s.05\Include\common\sakuragl\sgl_media.h">
      <Filter>ヘッダー ファイル\EntisGLS4\common</Filter>
    </ClInclude>
    <ClInclude Include="gls4s.05.2015.04.18\EntisGLS4s.05\Include\common\sakuragl\sgl_window.h">
      <Filter>ヘッダー ファイル\EntisGLS4\common</Filter>
    </ClInclude>
    <ClInclude Include="gls4s.05.2015.04.18\EntisGLS4s.05\Include\common\sakuragl\window\sgl_window_menu.h">
      <Filter>ヘッダー ファイル\EntisGLS4\common</Filter>
    </ClInclude>
    <ClInclude Include="gls4s.05.2015.04.18\EntisGLS4s.05\Include\common\sakuragl\window\sgl_window_producer.h">
      <Filter>ヘッダー ファイル\EntisGLS4\common</Filter>
    </ClInclude>
    <ClInclude Include="gls4s.05.2015.04.18\EntisGLS4s.05\Include\common\sakuraglx\extra\psdlib.h">
      <Filter>ヘッダー ファイル\EntisGLS4\common</Filter>
    </ClInclude>
    <ClInclude Include="gls4s.05.2015.04.18\EntisGLS4s.05\Include\common\sakuraglx\render\sglx3d_collision.h">
      <Filter>ヘッダー ファイル\EntisGLS4\common</Filter>
    </ClInclude>
    <ClInclude Include="gls4s.05.2015.04.18\EntisGLS4s.05\Include\common\sakuraglx\render\sglx3d_scene.h">
      <Filter>ヘッダー ファイル\EntisGLS4\common</Filter>
    </ClInclude>
    <ClInclude Include="gls4s.05.2015.04.18\EntisGLS4s.05\Include\common\sakuraglx\render\sglx3d_scene_sprite.h">
      <Filter>ヘッダー ファイル\EntisGLS4\common</Filter>
    </ClInclude>
    <ClInclude Include="gls4s.05.2015.04.18\EntisGLS4s.05\Include\common\sakuraglx\render\sglx_model_buffer.h">
      <Filter>ヘッダー ファイル\EntisGLS4\common</Filter>
    </ClInclude>
    <ClInclude Include="gls4s.05.2015.04.18\EntisGLS4s.05\Include\common\sakuraglx\render\sglx_model_loader.h">
      <Filter>ヘッダー ファイル\EntisGLS4\common</Filter>
    </ClInclude>
    <ClInclude Include="gls4s.05.2015.04.18\EntisGLS4s.05\Include\common\sakuraglx\sakuraglx.h">
      <Filter>ヘッダー ファイル\EntisGLS4\common</Filter>
    </ClInclude>
    <ClInclude Include="gls4s.05.2015.04.18\EntisGLS4s.05\Include\common\sakuraglx\sglx3d_render.h">
      <Filter>ヘッダー ファイル\EntisGLS4\common</Filter>
    </ClInclude>
    <ClInclude Include="gls4s.05.2015.04.18\EntisGLS4s.05\Include\common\sakuraglx\sglx_new_object_entries.h">
      <Filter>ヘッダー ファイル\EntisGLS4\common</Filter>
    </ClInclude>
    <ClInclude Include="gls4s.05.2015.04.18\EntisGLS4s.05\Include\common\sakuraglx\sglx_platform_ui.h">
      <Filter>ヘッダー ファイル\EntisGLS4\common</Filter>
    </ClInclude>
    <ClInclude Include="gls4s.05.2015.04.18\EntisGLS4s.05\Include\common\sakuraglx\sglx_sprite_lib.h">
      <Filter>ヘッダー ファイル\EntisGLS4\common</Filter>
    </ClInclude>
    <ClInclude Include="gls4s.05.2015.04.18\EntisGLS4s.05\Include\common\sakuraglx\sglx_std_app.h">
      <Filter>ヘッダー ファイル\EntisGLS4\common</Filter>
    </ClInclude>
    <ClInclude Include="gls4s.05.2015.04.18\EntisGLS4s.05\Include\common\sakuraglx\sgl_object.h">
      <Filter>ヘッダー ファイル\EntisGLS4\common</Filter>
    </ClInclude>
    <ClInclude Include="gls4s.05.2015.04.18\EntisGLS4s.05\Include\common\sakuraglx\sprite\sglx_resource_manager.h">
      <Filter>ヘッダー ファイル\EntisGLS4\common</Filter>
    </ClInclude>
    <ClInclude Include="gls4s.05.2015.04.18\EntisGLS4s.05\Include\common\sakuraglx\sprite\sglx_sprite.h">
      <Filter>ヘッダー ファイル\EntisGLS4\common</Filter>
    </ClInclude>
    <ClInclude Include="gls4s.05.2015.04.18\EntisGLS4s.05\Include\common\sakuraglx\sprite\sglx_sprite_button.h">
      <Filter>ヘッダー ファイル\EntisGLS4\common</Filter>
    </ClInclude>
    <ClInclude Include="gls4s.05.2015.04.18\EntisGLS4s.05\Include\common\sakuraglx\sprite\sglx_sprite_edit.h">
      <Filter>ヘッダー ファイル\EntisGLS4\common</Filter>
    </ClInclude>
    <ClInclude Include="gls4s.05.2015.04.18\EntisGLS4s.05\Include\common\sakuraglx\sprite\sglx_sprite_filter.h">
      <Filter>ヘッダー ファイル\EntisGLS4\common</Filter>
    </ClInclude>
    <ClInclude Include="gls4s.05.2015.04.18\EntisGLS4s.05\Include\common\sakuraglx\sprite\sglx_sprite_formed.h">
      <Filter>ヘッダー ファイル\EntisGLS4\common</Filter>
    </ClInclude>
    <ClInclude Include="gls4s.05.2015.04.18\EntisGLS4s.05\Include\common\sakuraglx\sprite\sglx_sprite_frame.h">
      <Filter>ヘッダー ファイル\EntisGLS4\common</Filter>
    </ClInclude>
    <ClInclude Include="gls4s.05.2015.04.18\EntisGLS4s.05\Include\common\sakuraglx\sprite\sglx_sprite_message.h">
      <Filter>ヘッダー ファイル\EntisGLS4\common</Filter>
    </ClInclude>
    <ClInclude Include="gls4s.05.2015.04.18\EntisGLS4s.05\Include\common\sakuraglx\sprite\sglx_sprite_movie.h">
      <Filter>ヘッダー ファイル\EntisGLS4\common</Filter>
    </ClInclude>
    <ClInclude Include="gls4s.05.2015.04.18\EntisGLS4s.05\Include\common\sakuraglx\sprite\sglx_sprite_progress_bar.h">
      <Filter>ヘッダー ファイル\EntisGLS4\common</Filter>
    </ClInclude>
    <ClInclude Include="gls4s.05.2015.04.18\EntisGLS4s.05\Include\common\sakuraglx\sprite\sglx_sprite_rectangle.h">
      <Filter>ヘッダー ファイル\EntisGLS4\common</Filter>
    </ClInclude>
    <ClInclude Include="gls4s.05.2015.04.18\EntisGLS4s.05\Include\common\sakuraglx\sprite\sglx_sprite_scroller.h">
      <Filter>ヘッダー ファイル\EntisGLS4\common</Filter>
    </ClInclude>
    <ClInclude Include="gls4s.05.2015.04.18\EntisGLS4s.05\Include\common\sakuraglx\sprite\sglx_sprite_scroll_bar.h">
      <Filter>ヘッダー ファイル\EntisGLS4\common</Filter>
    </ClInclude>
    <ClInclude Include="gls4s.05.2015.04.18\EntisGLS4s.05\Include\common\sakuraglx\sprite\sglx_sprite_text.h">
      <Filter>ヘッダー ファイル\EntisGLS4\common</Filter>
    </ClInclude>
    <ClInclude Include="gls4s.05.2015.04.18\EntisGLS4s.05\Include\common\sakuraglx\sprite\sglx_sprite_window.h">
      <Filter>ヘッダー ファイル\EntisGLS4\common</Filter>
    </ClInclude>
    <ClInclude Include="gls4s.05.2015.04.18\EntisGLS4s.05\Include\common\sakuraglx\sprite\sglx_virtual_input.h">
      <Filter>ヘッダー ファイル\EntisGLS4\common</Filter>
    </ClInclude>
    <ClInclude Include="gls4s.05.2015.04.18\EntisGLS4s.05\Include\common\sakuraglx\ui\sglx_joy_stick.h">
      <Filter>ヘッダー ファイル\EntisGLS4\common</Filter>
    </ClInclude>
    <ClInclude Include="gls4s.05.2015.04.18\EntisGLS4s.05\Include\entisgls\esl\esl_stddefs.h">
      <Filter>ヘッダー ファイル\EntisGLS4\entisgls</Filter>
    </ClInclude>
    <ClInclude Include="gls4s.05.2015.04.18\EntisGLS4s.05\Include\entisgls\sakuragl\sgl_gls3_window_implement.h">
      <Filter>ヘッダー ファイル\EntisGLS4\entisgls</Filter>
    </ClInclude>
    <ClInclude Include="gls4s.05.2015.04.18\EntisGLS4s.05\Include\entisgls\sakuragl\sgl_gls3_window_producer.h">
      <Filter>ヘッダー ファイル\EntisGLS4\entisgls</Filter>
    </ClInclude>
    <ClInclude Include="gls4s.05.2015.04.18\EntisGLS4s.05\Include\entisgls\sakuragl\sgl_window_implement.h">
      <Filter>ヘッダー ファイル\EntisGLS4\entisgls</Filter>
    </ClInclude>
    <ClInclude Include="gls4s.05.2015.04.18\EntisGLS4s.05\Include\opengl\sakuragl\glsl_src_bin.h">
      <Filter>ヘッダー ファイル\EntisGLS4\opengl</Filter>
    </ClInclude>
    <ClInclude Include="gls4s.05.2015.04.18\EntisGLS4s.05\Include\opengl\sakuragl\sgl_opengl_context.h">
      <Filter>ヘッダー ファイル\EntisGLS4\opengl</Filter>
    </ClInclude>
    <ClInclude Include="gls4s.05.2015.04.18\EntisGLS4s.05\Include\opengl\sakuragl\sgl_opengl_extension.h">
      <Filter>ヘッダー ファイル\EntisGLS4\opengl</Filter>
    </ClInclude>
    <ClInclude Include="gls4s.05.2015.04.18\EntisGLS4s.05\Include\opengl\sakuragl\sgl_opengl_render_context.h">
      <Filter>ヘッダー ファイル\EntisGLS4\opengl</Filter>
    </ClInclude>
    <ClInclude Include="gls4s.05.2015.04.18\EntisGLS4s.05\Include\opengl\sakuragl\sgl_opengl_window_implement.h">
      <Filter>ヘッダー ファイル\EntisGLS4\opengl</Filter>
    </ClInclude>
    <ClInclude Include="gls4s.05.2015.04.18\EntisGLS4s.05\Include\opengl\sakuragl\sgl_opengl_window_producer.h">
      <Filter>ヘッダー ファイル\EntisGLS4\opengl</Filter>
    </ClInclude>
    <ClInclude Include="gls4s.05.2015.04.18\EntisGLS4s.05\Include\win32\esl\esl_stddefs_win32.h">
      <Filter>ヘッダー ファイル\EntisGLS4\win32</Filter>
    </ClInclude>
    <ClInclude Include="gls4s.05.2015.04.18\EntisGLS4s.05\Include\win32\gls.h">
      <Filter>ヘッダー ファイル\EntisGLS4\win32</Filter>
    </ClInclude>
    <ClInclude Include="gls4s.05.2015.04.18\EntisGLS4s.05\Include\win32\linkgls.h">
      <Filter>ヘッダー ファイル\EntisGLS4\win32</Filter>
    </ClInclude>
    <ClInclude Include="gls4s.05.2015.04.18\EntisGLS4s.05\Include\win32\linkgls4.h">
      <Filter>ヘッダー ファイル\EntisGLS4\win32</Filter>
    </ClInclude>
    <ClInclude Include="gls4s.05.2015.04.18\EntisGLS4s.05\Include\win32\sakura\ssys_win_internet_file.h">
      <Filter>ヘッダー ファイル\EntisGLS4\win32</Filter>
    </ClInclude>
    <ClInclude Include="gls4s.05.2015.04.18\EntisGLS4s.05\Include\win32\sakura\ssys_win_resource_file.h">
      <Filter>ヘッダー ファイル\EntisGLS4\win32</Filter>
    </ClInclude>
    <ClInclude Include="gls4s.05.2015.04.18\EntisGLS4s.05\Include\win32\sakuragl\sgl_directx_object.h">
      <Filter>ヘッダー ファイル\EntisGLS4\win32</Filter>
    </ClInclude>
    <ClInclude Include="gls4s.05.2015.04.18\EntisGLS4s.05\Include\win32\sakuragl\sgl_direct_sound_player.h">
      <Filter>ヘッダー ファイル\EntisGLS4\win32</Filter>
    </ClInclude>
    <ClInclude Include="gls4s.05.2015.04.18\EntisGLS4s.05\Include\win32\sakuragl\sgl_dshow_audio_player.h">
      <Filter>ヘッダー ファイル\EntisGLS4\win32</Filter>
    </ClInclude>
    <ClInclude Include="gls4s.05.2015.04.18\EntisGLS4s.05\Include\win32\sakuragl\sgl_dshow_media_player.h">
      <Filter>ヘッダー ファイル\EntisGLS4\win32</Filter>
    </ClInclude>
    <ClInclude Include="gls4s.05.2015.04.18\EntisGLS4s.05\Include\win32\sakuragl\sgl_gdiplus_image_decoder.h">
      <Filter>ヘッダー ファイル\EntisGLS4\win32</Filter>
    </ClInclude>
    <ClInclude Include="gls4s.05.2015.04.18\EntisGLS4s.05\Include\win32\sakuragl\sgl_generic_window.h">
      <Filter>ヘッダー ファイル\EntisGLS4\win32</Filter>
    </ClInclude>
    <ClInclude Include="gls4s.05.2015.04.18\EntisGLS4s.05\Include\win32\sakuragl\sgl_win_display_mode.h">
      <Filter>ヘッダー ファイル\EntisGLS4\win32</Filter>
    </ClInclude>
    <ClInclude Include="gls4s.05.2015.04.18\EntisGLS3\EGL\common\egl3d_polygon_model.h">
      <Filter>ヘッダー ファイル\EntisGLS3\EGL</Filter>
    </ClInclude>
    <ClInclude Include="gls4s.05.2015.04.18\EntisGLS3\EGL\common\egl3d_model_joint.h">
      <Filter>ヘッダー ファイル\EntisGLS3\EGL</Filter>
    </ClInclude>
  </ItemGroup>
  <ItemGroup>
    <MASM Include="gls4s.05.2015.04.18\EntisGLS3\erisalib\asm\decimagea.asm">
      <Filter>ソース ファイル\EntisGLS3\erisalib\asm</Filter>
    </MASM>
    <MASM Include="gls4s.05.2015.04.18\EntisGLS3\erisalib\asm\erisacontexta.asm">
      <Filter>ソース ファイル\EntisGLS3\erisalib\asm</Filter>
    </MASM>
    <MASM Include="gls4s.05.2015.04.18\EntisGLS3\erisalib\asm\erisamatrixa.asm">
      <Filter>ソース ファイル\EntisGLS3\erisalib\asm</Filter>
    </MASM>
    <MASM Include="gls4s.05.2015.04.18\EntisGLS3\EGL\Source\eglbase.asm">
      <Filter>ソース ファイル\EntisGLS3\EGL</Filter>
    </MASM>
    <MASM Include="gls4s.05.2015.04.18\EntisGLS3\EGL\Source\eglcrender.asm">
      <Filter>ソース ファイル\EntisGLS3\EGL</Filter>
    </MASM>
    <MASM Include="gls4s.05.2015.04.18\EntisGLS3\EGL\Source\eglcvt.asm">
      <Filter>ソース ファイル\EntisGLS3\EGL</Filter>
    </MASM>
    <MASM Include="gls4s.05.2015.04.18\EntisGLS3\EGL\Source\egldraw.asm">
      <Filter>ソース ファイル\EntisGLS3\EGL</Filter>
    </MASM>
    <MASM Include="gls4s.05.2015.04.18\EntisGLS3\EGL\Source\eglfill.asm">
      <Filter>ソース ファイル\EntisGLS3\EGL</Filter>
    </MASM>
    <MASM Include="gls4s.05.2015.04.18\EntisGLS3\EGL\Source\eglfxdraw.asm">
      <Filter>ソース ファイル\EntisGLS3\EGL</Filter>
    </MASM>
    <MASM Include="gls4s.05.2015.04.18\EntisGLS3\EGL\Source\eglgdraw.asm">
      <Filter>ソース ファイル\EntisGLS3\EGL</Filter>
    </MASM>
    <MASM Include="gls4s.05.2015.04.18\EntisGLS3\EGL\Source\eglidraw.asm">
      <Filter>ソース ファイル\EntisGLS3\EGL</Filter>
    </MASM>
    <MASM Include="gls4s.05.2015.04.18\EntisGLS3\EGL\Source\eglmdlmtx.asm">
      <Filter>ソース ファイル\EntisGLS3\EGL</Filter>
    </MASM>
    <MASM Include="gls4s.05.2015.04.18\EntisGLS3\EGL\Source\eglregion.asm">
      <Filter>ソース ファイル\EntisGLS3\EGL</Filter>
    </MASM>
    <MASM Include="gls4s.05.2015.04.18\EntisGLS3\EGL\Source\eglrender.asm">
      <Filter>ソース ファイル\EntisGLS3\EGL</Filter>
    </MASM>
    <MASM Include="gls4s.05.2015.04.18\EntisGLS3\EGL\Source\eglrender_pr_sse.asm">
      <Filter>ソース ファイル\EntisGLS3\EGL</Filter>
    </MASM>
    <MASM Include="gls4s.05.2015.04.18\EntisGLS3\EGL\Source\eglrender_pxshd0_sse.asm">
      <Filter>ソース ファイル\EntisGLS3\EGL</Filter>
    </MASM>
    <MASM Include="gls4s.05.2015.04.18\EntisGLS3\EGL\Source\eglrender_pxshd0_sse2.asm">
      <Filter>ソース ファイル\EntisGLS3\EGL</Filter>
    </MASM>
    <MASM Include="gls4s.05.2015.04.18\EntisGLS3\EGL\Source\eglrender_pxshd1_sse2.asm">
      <Filter>ソース ファイル\EntisGLS3\EGL</Filter>
    </MASM>
    <MASM Include="gls4s.05.2015.04.18\EntisGLS3\EGL\Source\eglrender_pxshd2_sse2.asm">
      <Filter>ソース ファイル\EntisGLS3\EGL</Filter>
    </MASM>
    <MASM Include="gls4s.05.2015.04.18\EntisGLS3\EGL\Source\eglrender_ray.asm">
      <Filter>ソース ファイル\EntisGLS3\EGL</Filter>
    </MASM>
    <MASM Include="gls4s.05.2015.04.18\EntisGLS3\EGL\Source\eglrender_ray_gpupi.asm">
      <Filter>ソース ファイル\EntisGLS3\EGL</Filter>
    </MASM>
    <MASM Include="gls4s.05.2015.04.18\EntisGLS3\EGL\Source\eglrender_ray_ht_sse.asm">
      <Filter>ソース ファイル\EntisGLS3\EGL</Filter>
    </MASM>
    <MASM Include="gls4s.05.2015.04.18\EntisGLS3\EGL\Source\eglrender_ray_render.asm">
      <Filter>ソース ファイル\EntisGLS3\EGL</Filter>
    </MASM>
    <MASM Include="gls4s.05.2015.04.18\EntisGLS3\EGL\Source\eglrender_ray_shd_sse.asm">
      <Filter>ソース ファイル\EntisGLS3\EGL</Filter>
    </MASM>
    <MASM Include="gls4s.05.2015.04.18\EntisGLS3\EGL\Source\eglrender_ray_shdgp.asm">
      <Filter>ソース ファイル\EntisGLS3\EGL</Filter>
    </MASM>
    <MASM Include="gls4s.05.2015.04.18\EntisGLS3\EGL\Source\eglrender_rd_sse.asm">
      <Filter>ソース ファイル\EntisGLS3\EGL</Filter>
    </MASM>
    <MASM Include="gls4s.05.2015.04.18\EntisGLS3\EGL\Source\eglrendera.asm">
      <Filter>ソース ファイル\EntisGLS3\EGL</Filter>
    </MASM>
    <MASM Include="gls4s.05.2015.04.18\EntisGLS3\EGL\Source\eglrenderc.asm">
      <Filter>ソース ファイル\EntisGLS3\EGL</Filter>
    </MASM>
    <MASM Include="gls4s.05.2015.04.18\EntisGLS3\EGL\Source\eglrenderx.asm">
      <Filter>ソース ファイル\EntisGLS3\EGL</Filter>
    </MASM>
    <MASM Include="gls4s.05.2015.04.18\EntisGLS3\EGL\Source\eglrenderxr.asm">
      <Filter>ソース ファイル\EntisGLS3\EGL</Filter>
    </MASM>
    <MASM Include="gls4s.05.2015.04.18\EntisGLS3\EGL\Source\eglsrender.asm">
      <Filter>ソース ファイル\EntisGLS3\EGL</Filter>
    </MASM>
    <MASM Include="gls4s.05.2015.04.18\EntisGLS3\EGL\Source\egltdraw.asm">
      <Filter>ソース ファイル\EntisGLS3\EGL</Filter>
    </MASM>
    <MASM Include="gls4s.05.2015.04.18\EntisGLS3\EGL\Source\eglxdraw.asm">
      <Filter>ソース ファイル\EntisGLS3\EGL</Filter>
    </MASM>
    <MASM Include="gls4s.05.2015.04.18\EntisGLS3\EGL\Source\egltrender.asm">
      <Filter>ソース ファイル\EntisGLS3\EGL</Filter>
    </MASM>
    <MASM Include="gls4s.05.2015.04.18\EntisGLS3\ESL\Source\eslmemory.asm">
      <Filter>ソース ファイル\EntisGLS3\ESL</Filter>
    </MASM>
    <MASM Include="gls4s.05.2015.04.18\EntisGLS3\GLS3\Source\wavemixer.asm">
      <Filter>ソース ファイル\EntisGLS3\GLS3</Filter>
    </MASM>
  </ItemGroup>
</Project>